// !$*UTF8*$!
{
	archiveVersion = 1;
	classes = {
	};
	objectVersion = 51;
	objects = {

/* Begin PBXBuildFile section */
		01594BEA216C7B2688887309 /* libMomentPlayerRepository.a in Frameworks */ = {isa = PBXBuildFile; fileRef = 1FB26307D594E86896B5C183 /* libMomentPlayerRepository.a */; };
		05E88048576BB70C6A94308D /* Alamofire.framework in Embed Frameworks */ = {isa = PBXBuildFile; fileRef = D789E2A870E0A00904FC5757 /* Alamofire.framework */; settings = {ATTRIBUTES = (CodeSignOnCopy, RemoveHeadersOnCopy, ); }; };
		07F156D17871AC9A4459A670 /* Alamofire.framework in Frameworks */ = {isa = PBXBuildFile; fileRef = D789E2A870E0A00904FC5757 /* Alamofire.framework */; };
		0E665BF7A82B581709CF8DDA /* ViewData.swift in Sources */ = {isa = PBXBuildFile; fileRef = C7B04821686DCC5714AC2281 /* ViewData.swift */; };
		10238224D74A9F62BE5C53B3 /* Lorem ipsum.txt in Resources */ = {isa = PBXBuildFile; fileRef = 54134C523B0D8A055537CB93 /* Lorem ipsum.txt */; };
		113E3C401B1319BE07F72FA1 /* ActualRepositoryTests.swift in Sources */ = {isa = PBXBuildFile; fileRef = 68980BC83DE2E2DA8725A25F /* ActualRepositoryTests.swift */; };
		1281CA9CB376FD256396543C /* Dice.swift in Sources */ = {isa = PBXBuildFile; fileRef = 084BB42423E58342F3A8D64A /* Dice.swift */; };
		15534C0824A3D35061625AB4 /* libMomentEditorDomain.a in Frameworks */ = {isa = PBXBuildFile; fileRef = 72EA27AD4A97F0CA5F20B5BE /* libMomentEditorDomain.a */; };
		192E801AFB7A5C1C9A512815 /* libMomentPlayerDomain.a in Frameworks */ = {isa = PBXBuildFile; fileRef = D3ED6E7BAF38A3F908538DB2 /* libMomentPlayerDomain.a */; };
		234BCF027D783EEB7651DE54 /* MomentEditor.framework in Embed Frameworks */ = {isa = PBXBuildFile; fileRef = C79AF5A1BD170EDDE73FDFC1 /* MomentEditor.framework */; settings = {ATTRIBUTES = (CodeSignOnCopy, RemoveHeadersOnCopy, ); }; };
		24A60C842ADBBC1FD1DD1FC3 /* MomentEditor.framework in Frameworks */ = {isa = PBXBuildFile; fileRef = C79AF5A1BD170EDDE73FDFC1 /* MomentEditor.framework */; };
		28A2EE7E96CE2DDB7D45AA24 /* MomentData.swift in Sources */ = {isa = PBXBuildFile; fileRef = F9CEFDFE640FAA1C0860A6E7 /* MomentData.swift */; };
		2EACBC6F59C61E52BF33F487 /* libMomentPlayerView.a in Frameworks */ = {isa = PBXBuildFile; fileRef = 5366DA7B3E10BEF9DD9BAD7F /* libMomentPlayerView.a */; };
		34FF22F63A8E62024CE737F3 /* ActualRepository.swift in Sources */ = {isa = PBXBuildFile; fileRef = 738F6576652CA1A5DBA53273 /* ActualRepository.swift */; };
		369BBBEE0EEAB36A0324459F /* Foo.swift in Sources */ = {isa = PBXBuildFile; fileRef = FEE1A4C971DD871035A78564 /* Foo.swift */; };
		37BFEEFB853307356ECD3F2C /* MomentSDK_MomentEditorView.bundle in Resources */ = {isa = PBXBuildFile; fileRef = 76E1AEF002C3842E14655813 /* MomentSDK_MomentEditorView.bundle */; settings = {ATTRIBUTES = (CodeSignOnCopy, RemoveHeadersOnCopy, ); }; };
		4FE05087D9FAFD4E586DD0E0 /* ActualRepositoryTests.swift in Sources */ = {isa = PBXBuildFile; fileRef = 20CC67196A92FFDA9EDFD684 /* ActualRepositoryTests.swift */; };
		565A1E7C0985E877CC28A427 /* MomentCommon.framework in Frameworks */ = {isa = PBXBuildFile; fileRef = 7C50595B356D18910CB0ED0A /* MomentCommon.framework */; };
		5AAF3A32A9789ABBE110300F /* Alamofire.framework in Embed Frameworks */ = {isa = PBXBuildFile; fileRef = D789E2A870E0A00904FC5757 /* Alamofire.framework */; settings = {ATTRIBUTES = (CodeSignOnCopy, RemoveHeadersOnCopy, ); }; };
		63A2FD53153CD6AE2356400A /* MomentPlayer.framework in Embed Frameworks */ = {isa = PBXBuildFile; fileRef = DCD8B03FC4474A37D1189C25 /* MomentPlayer.framework */; settings = {ATTRIBUTES = (CodeSignOnCopy, RemoveHeadersOnCopy, ); }; };
		697AF566279E64EB38966E9A /* Localizable.strings in Resources */ = {isa = PBXBuildFile; fileRef = D2F9D121F899DCDCE144BB75 /* Localizable.strings */; };
		6A61E07BB0E935C636C71271 /* Alamofire.framework in Frameworks */ = {isa = PBXBuildFile; fileRef = D789E2A870E0A00904FC5757 /* Alamofire.framework */; };
		6E87931F07D1D12603D96307 /* Entity.swift in Sources */ = {isa = PBXBuildFile; fileRef = 31AA819124F9C87DD10C9E1F /* Entity.swift */; };
		7B2D0886378F40F08297809E /* ViewData.swift in Sources */ = {isa = PBXBuildFile; fileRef = 0F3B4634F473A7B296F0FB6B /* ViewData.swift */; };
		7D4887ABB100C26DD2CDBD30 /* libMomentEditorView.a in Frameworks */ = {isa = PBXBuildFile; fileRef = 3D584CCF2EAAB5B1137ECA90 /* libMomentEditorView.a */; };
		7F05A64F0811B39595A3F73F /* MomentData.swift in Sources */ = {isa = PBXBuildFile; fileRef = 1B9DF7ECE76F7EEA5DB36DD9 /* MomentData.swift */; };
		8272FBD923A4895ADA50453C /* iPhone_11.png in Resources */ = {isa = PBXBuildFile; fileRef = 87B4CE2483C72BC206C1D634 /* iPhone_11.png */; };
		896349A440191A5A1E9AB088 /* EditorViewController.xib in Resources */ = {isa = PBXBuildFile; fileRef = F886EB013069477D1BAD3544 /* EditorViewController.xib */; };
		9166D4C0441F8203F655C448 /* EditorViewController.swift in Sources */ = {isa = PBXBuildFile; fileRef = BAD6F1344C6169D6D7E8D5BD /* EditorViewController.swift */; };
		98F7735BD18E24CEDCA371E4 /* resource_bundle_accessor.swift in Sources */ = {isa = PBXBuildFile; fileRef = 27F361CA69B23697FDB47654 /* resource_bundle_accessor.swift */; };
		9C48330703FEAB99EF4F22B0 /* libMomentEditorRepository.a in Frameworks */ = {isa = PBXBuildFile; fileRef = DA61705D7EFD5F3431433985 /* libMomentEditorRepository.a */; };
		A0006FA55DC3690070D2887F /* EntityTests.swift in Sources */ = {isa = PBXBuildFile; fileRef = C57F454EAAF8FEB0CF4C3957 /* EntityTests.swift */; };
		A4F92B3F1B77ED82B0A591CF /* libMomentPlayerRepository.a in Frameworks */ = {isa = PBXBuildFile; fileRef = 1FB26307D594E86896B5C183 /* libMomentPlayerRepository.a */; };
		BBD49E76CC87A521AB9B9C30 /* MomentDataTests.swift in Sources */ = {isa = PBXBuildFile; fileRef = A87B07AC6F2E08342FA425A4 /* MomentDataTests.swift */; };
		C0CA0C36C7BAF464B9703C1B /* libMomentEditorRepository.a in Frameworks */ = {isa = PBXBuildFile; fileRef = DA61705D7EFD5F3431433985 /* libMomentEditorRepository.a */; };
		CCE217479BCD6B02ED67B47D /* Alamofire.framework in Embed Frameworks */ = {isa = PBXBuildFile; fileRef = D789E2A870E0A00904FC5757 /* Alamofire.framework */; settings = {ATTRIBUTES = (CodeSignOnCopy, RemoveHeadersOnCopy, ); }; };
		D2CC8943E25F7CC425E5582D /* libMomentEditorDomain.a in Frameworks */ = {isa = PBXBuildFile; fileRef = 72EA27AD4A97F0CA5F20B5BE /* libMomentEditorDomain.a */; };
		D553977C077451216E5F7B23 /* Entity.swift in Sources */ = {isa = PBXBuildFile; fileRef = 8CF5C10D354B11FF493FA734 /* Entity.swift */; };
		D93B2B13541C0BB723CD536D /* EntityTests.swift in Sources */ = {isa = PBXBuildFile; fileRef = D0730F5172E8D1718FD560EB /* EntityTests.swift */; };
		DFA0E279837AB17F936DCF30 /* Utility.swift in Sources */ = {isa = PBXBuildFile; fileRef = 2456B252C7D2B6F7E689E289 /* Utility.swift */; };
		EB0691B0A3BB96E9858DBFFA /* FooTests.swift in Sources */ = {isa = PBXBuildFile; fileRef = 299D9580EFA401C3DB9BF55C /* FooTests.swift */; };
		EBCDA113ED0CBD4DFA371000 /* libMomentCommonUtil.a in Frameworks */ = {isa = PBXBuildFile; fileRef = 5A6238E4E0E4A96D5CD2700B /* libMomentCommonUtil.a */; };
		F0A73506D00DDBFEC9367439 /* ActualRepository.swift in Sources */ = {isa = PBXBuildFile; fileRef = 7AA1DD32AD593C431429DA04 /* ActualRepository.swift */; };
		F475C95FE1131B8410F0DFBB /* Media.xcassets in Resources */ = {isa = PBXBuildFile; fileRef = 774D642E479CDDAFECAC18D1 /* Media.xcassets */; };
		F56DCA0F57195FA3E1EA54F6 /* MomentDataTests.swift in Sources */ = {isa = PBXBuildFile; fileRef = 20E12402F927352CB05F19CA /* MomentDataTests.swift */; };
		F8D302543D00D14BA5F7336D /* MomentPlayer.framework in Frameworks */ = {isa = PBXBuildFile; fileRef = DCD8B03FC4474A37D1189C25 /* MomentPlayer.framework */; };
		FA44ACD957B25049780B277F /* MomentCommon.framework in Embed Frameworks */ = {isa = PBXBuildFile; fileRef = 7C50595B356D18910CB0ED0A /* MomentCommon.framework */; settings = {ATTRIBUTES = (CodeSignOnCopy, RemoveHeadersOnCopy, ); }; };
		FF426BA9D5319FBD6AB63A2B /* libMomentPlayerDomain.a in Frameworks */ = {isa = PBXBuildFile; fileRef = D3ED6E7BAF38A3F908538DB2 /* libMomentPlayerDomain.a */; };
/* End PBXBuildFile section */

/* Begin PBXContainerItemProxy section */
		09D0AF9F2EB32BB1454A7297 /* PBXContainerItemProxy */ = {
			isa = PBXContainerItemProxy;
			containerPortal = B8CB9146C73E33A0219E47EF /* Project object */;
			proxyType = 1;
			remoteGlobalIDString = EB953EE41E839E34A71C7108;
			remoteInfo = MomentEditorView;
		};
		109B81BFF0DFE4906141AF4D /* PBXContainerItemProxy */ = {
			isa = PBXContainerItemProxy;
			containerPortal = B8CB9146C73E33A0219E47EF /* Project object */;
			proxyType = 1;
			remoteGlobalIDString = 64182A12A70BBE0C5D5D774B;
			remoteInfo = MomentSDK_MomentEditorView;
		};
		22CC2A0953081D085A1DCAB2 /* PBXContainerItemProxy */ = {
			isa = PBXContainerItemProxy;
			containerPortal = B8CB9146C73E33A0219E47EF /* Project object */;
			proxyType = 1;
			remoteGlobalIDString = 8ECCCEF42A3D9BAD4D23A798;
			remoteInfo = MomentPlayerView;
		};
		3554C83716ED80990806154F /* PBXContainerItemProxy */ = {
			isa = PBXContainerItemProxy;
			containerPortal = B8CB9146C73E33A0219E47EF /* Project object */;
			proxyType = 1;
			remoteGlobalIDString = DA0A88EE36E1936C0F963BE1;
			remoteInfo = MomentPlayerDomain;
		};
		39D6B25F31DC580CDEE810C6 /* PBXContainerItemProxy */ = {
			isa = PBXContainerItemProxy;
			containerPortal = B8CB9146C73E33A0219E47EF /* Project object */;
			proxyType = 1;
			remoteGlobalIDString = 26A459E122714162D8FA1259;
			remoteInfo = MomentCommonUtil;
		};
		66371F28350795C1750F1E95 /* PBXContainerItemProxy */ = {
			isa = PBXContainerItemProxy;
			containerPortal = B8CB9146C73E33A0219E47EF /* Project object */;
			proxyType = 1;
			remoteGlobalIDString = 1A3C1DB5EC23A8ACCE0FE8DD;
			remoteInfo = MomentCommon;
		};
		6BB971782BA5A720000B3761 /* PBXContainerItemProxy */ = {
			isa = PBXContainerItemProxy;
			containerPortal = B8CB9146C73E33A0219E47EF /* Project object */;
			proxyType = 1;
			remoteGlobalIDString = 26A459E122714162D8FA1259;
			remoteInfo = MomentCommonUtil;
		};
		79D44CFA0EAB9E2592031AC2 /* PBXContainerItemProxy */ = {
			isa = PBXContainerItemProxy;
			containerPortal = B8CB9146C73E33A0219E47EF /* Project object */;
			proxyType = 1;
			remoteGlobalIDString = 26A459E122714162D8FA1259;
			remoteInfo = MomentCommonUtil;
		};
		7FF39C7040955EEA3111C3F6 /* PBXContainerItemProxy */ = {
			isa = PBXContainerItemProxy;
			containerPortal = B8CB9146C73E33A0219E47EF /* Project object */;
			proxyType = 1;
			remoteGlobalIDString = CC227DD09E6E11369A9A5E71;
			remoteInfo = MomentPlayerRepository;
		};
		8143EBD8684EE69B5E230F02 /* PBXContainerItemProxy */ = {
			isa = PBXContainerItemProxy;
			containerPortal = B8CB9146C73E33A0219E47EF /* Project object */;
			proxyType = 1;
			remoteGlobalIDString = 85A496B8E9F15E4FDDC5C7AD;
			remoteInfo = MomentEditorDomain;
		};
		9657C283C250B86F620B981C /* PBXContainerItemProxy */ = {
			isa = PBXContainerItemProxy;
			containerPortal = B8CB9146C73E33A0219E47EF /* Project object */;
			proxyType = 1;
			remoteGlobalIDString = DA0A88EE36E1936C0F963BE1;
			remoteInfo = MomentPlayerDomain;
		};
		9AEEB00562984D198F6721EB /* PBXContainerItemProxy */ = {
			isa = PBXContainerItemProxy;
			containerPortal = B8CB9146C73E33A0219E47EF /* Project object */;
			proxyType = 1;
			remoteGlobalIDString = DA0A88EE36E1936C0F963BE1;
			remoteInfo = MomentPlayerDomain;
		};
		9FB64B0F73E2BCBD0750102C /* PBXContainerItemProxy */ = {
			isa = PBXContainerItemProxy;
			containerPortal = B8CB9146C73E33A0219E47EF /* Project object */;
			proxyType = 1;
			remoteGlobalIDString = CC227DD09E6E11369A9A5E71;
			remoteInfo = MomentPlayerRepository;
		};
		A48A82CD12626CF64C40F301 /* PBXContainerItemProxy */ = {
			isa = PBXContainerItemProxy;
			containerPortal = B8CB9146C73E33A0219E47EF /* Project object */;
			proxyType = 1;
			remoteGlobalIDString = 85A496B8E9F15E4FDDC5C7AD;
			remoteInfo = MomentEditorDomain;
		};
		A4AC0CB3B1B8DB7BE0CD1269 /* PBXContainerItemProxy */ = {
			isa = PBXContainerItemProxy;
			containerPortal = B8CB9146C73E33A0219E47EF /* Project object */;
			proxyType = 1;
			remoteGlobalIDString = 64182A12A70BBE0C5D5D774B;
			remoteInfo = MomentSDK_MomentEditorView;
		};
		A53B0C12E5C2782BD2F37306 /* PBXContainerItemProxy */ = {
			isa = PBXContainerItemProxy;
			containerPortal = B8CB9146C73E33A0219E47EF /* Project object */;
			proxyType = 1;
			remoteGlobalIDString = 85A496B8E9F15E4FDDC5C7AD;
			remoteInfo = MomentEditorDomain;
		};
		B4ACCEBAAB9D5CC093F9F613 /* PBXContainerItemProxy */ = {
			isa = PBXContainerItemProxy;
			containerPortal = B8CB9146C73E33A0219E47EF /* Project object */;
			proxyType = 1;
			remoteGlobalIDString = 63CB3C4E9651FB9CA80AF732;
			remoteInfo = MomentEditorRepository;
		};
		C863FC70EF9A7697F1E7F48D /* PBXContainerItemProxy */ = {
			isa = PBXContainerItemProxy;
			containerPortal = B8CB9146C73E33A0219E47EF /* Project object */;
			proxyType = 1;
			remoteGlobalIDString = 26A459E122714162D8FA1259;
			remoteInfo = MomentCommonUtil;
		};
		D4677EF306DCEE20FA75C22F /* PBXContainerItemProxy */ = {
			isa = PBXContainerItemProxy;
			containerPortal = B8CB9146C73E33A0219E47EF /* Project object */;
			proxyType = 1;
			remoteGlobalIDString = 0481610BD95FE386C3F6CE21;
			remoteInfo = MomentPlayer;
		};
		DF8A005ABEE6D67224532237 /* PBXContainerItemProxy */ = {
			isa = PBXContainerItemProxy;
			containerPortal = B8CB9146C73E33A0219E47EF /* Project object */;
			proxyType = 1;
			remoteGlobalIDString = 85A496B8E9F15E4FDDC5C7AD;
			remoteInfo = MomentEditorDomain;
		};
		E3EBCD089536833F3311E75A /* PBXContainerItemProxy */ = {
			isa = PBXContainerItemProxy;
			containerPortal = B8CB9146C73E33A0219E47EF /* Project object */;
			proxyType = 1;
			remoteGlobalIDString = DA0A88EE36E1936C0F963BE1;
			remoteInfo = MomentPlayerDomain;
		};
		E5FAA27DC5B20EC996A55431 /* PBXContainerItemProxy */ = {
			isa = PBXContainerItemProxy;
			containerPortal = B8CB9146C73E33A0219E47EF /* Project object */;
			proxyType = 1;
			remoteGlobalIDString = 63CB3C4E9651FB9CA80AF732;
			remoteInfo = MomentEditorRepository;
		};
		F176C9EBBF0B072EA1802C00 /* PBXContainerItemProxy */ = {
			isa = PBXContainerItemProxy;
			containerPortal = B8CB9146C73E33A0219E47EF /* Project object */;
			proxyType = 1;
			remoteGlobalIDString = 2E595DE4BE063DCC6B8F85AC;
			remoteInfo = MomentEditor;
		};
/* End PBXContainerItemProxy section */

/* Begin PBXCopyFilesBuildPhase section */
		41790CB18AB3FD331DA416CB /* Embed Frameworks */ = {
			isa = PBXCopyFilesBuildPhase;
			buildActionMask = 2147483647;
			dstPath = "";
			dstSubfolderSpec = 10;
			files = (
				234BCF027D783EEB7651DE54 /* MomentEditor.framework in Embed Frameworks */,
				5AAF3A32A9789ABBE110300F /* Alamofire.framework in Embed Frameworks */,
			);
			name = "Embed Frameworks";
			runOnlyForDeploymentPostprocessing = 0;
		};
		D237AF18D625FF102FFF8BC7 /* Embed Frameworks */ = {
			isa = PBXCopyFilesBuildPhase;
			buildActionMask = 2147483647;
			dstPath = "";
			dstSubfolderSpec = 10;
			files = (
				CCE217479BCD6B02ED67B47D /* Alamofire.framework in Embed Frameworks */,
			);
			name = "Embed Frameworks";
			runOnlyForDeploymentPostprocessing = 0;
		};
		E6AE427D69BEC1D106A332D3 /* Embed Frameworks */ = {
			isa = PBXCopyFilesBuildPhase;
			buildActionMask = 2147483647;
			dstPath = "";
			dstSubfolderSpec = 10;
			files = (
				63A2FD53153CD6AE2356400A /* MomentPlayer.framework in Embed Frameworks */,
				05E88048576BB70C6A94308D /* Alamofire.framework in Embed Frameworks */,
			);
			name = "Embed Frameworks";
			runOnlyForDeploymentPostprocessing = 0;
		};
		EA34A350ACAC4790C021BF41 /* Embed Frameworks */ = {
			isa = PBXCopyFilesBuildPhase;
			buildActionMask = 2147483647;
			dstPath = "";
			dstSubfolderSpec = 10;
			files = (
				FA44ACD957B25049780B277F /* MomentCommon.framework in Embed Frameworks */,
			);
			name = "Embed Frameworks";
			runOnlyForDeploymentPostprocessing = 0;
		};
/* End PBXCopyFilesBuildPhase section */

/* Begin PBXFileReference section */
		003946A52A113F130A99A5A2 /* MomentCommonTests.xctest */ = {isa = PBXFileReference; includeInIndex = 0; lastKnownFileType = wrapper.cfbundle; path = MomentCommonTests.xctest; sourceTree = BUILT_PRODUCTS_DIR; };
		02EA6B4AB52393DB4F84D247 /* MomentPlayerRepositoryTests.xctest */ = {isa = PBXFileReference; includeInIndex = 0; lastKnownFileType = wrapper.cfbundle; path = MomentPlayerRepositoryTests.xctest; sourceTree = BUILT_PRODUCTS_DIR; };
		084BB42423E58342F3A8D64A /* Dice.swift */ = {isa = PBXFileReference; lastKnownFileType = sourcecode.swift; path = Dice.swift; sourceTree = "<group>"; };
		0F3B4634F473A7B296F0FB6B /* ViewData.swift */ = {isa = PBXFileReference; lastKnownFileType = sourcecode.swift; path = ViewData.swift; sourceTree = "<group>"; };
		1B9DF7ECE76F7EEA5DB36DD9 /* MomentData.swift */ = {isa = PBXFileReference; lastKnownFileType = sourcecode.swift; path = MomentData.swift; sourceTree = "<group>"; };
		1FB26307D594E86896B5C183 /* libMomentPlayerRepository.a */ = {isa = PBXFileReference; includeInIndex = 0; lastKnownFileType = archive.ar; path = libMomentPlayerRepository.a; sourceTree = BUILT_PRODUCTS_DIR; };
		20CC67196A92FFDA9EDFD684 /* ActualRepositoryTests.swift */ = {isa = PBXFileReference; lastKnownFileType = sourcecode.swift; path = ActualRepositoryTests.swift; sourceTree = "<group>"; };
		20E12402F927352CB05F19CA /* MomentDataTests.swift */ = {isa = PBXFileReference; lastKnownFileType = sourcecode.swift; path = MomentDataTests.swift; sourceTree = "<group>"; };
		2456B252C7D2B6F7E689E289 /* Utility.swift */ = {isa = PBXFileReference; lastKnownFileType = sourcecode.swift; path = Utility.swift; sourceTree = "<group>"; };
		27F361CA69B23697FDB47654 /* resource_bundle_accessor.swift */ = {isa = PBXFileReference; lastKnownFileType = sourcecode.swift; path = resource_bundle_accessor.swift; sourceTree = "<group>"; };
		299D9580EFA401C3DB9BF55C /* FooTests.swift */ = {isa = PBXFileReference; lastKnownFileType = sourcecode.swift; path = FooTests.swift; sourceTree = "<group>"; };
		31AA819124F9C87DD10C9E1F /* Entity.swift */ = {isa = PBXFileReference; lastKnownFileType = sourcecode.swift; path = Entity.swift; sourceTree = "<group>"; };
		3D584CCF2EAAB5B1137ECA90 /* libMomentEditorView.a */ = {isa = PBXFileReference; includeInIndex = 0; lastKnownFileType = archive.ar; path = libMomentEditorView.a; sourceTree = BUILT_PRODUCTS_DIR; };
		4E2E73EBE9AF06C83795675F /* MomentPlayerDomainTests.xctest */ = {isa = PBXFileReference; includeInIndex = 0; lastKnownFileType = wrapper.cfbundle; path = MomentPlayerDomainTests.xctest; sourceTree = BUILT_PRODUCTS_DIR; };
		507D3DB772253D9F37B19E54 /* en */ = {isa = PBXFileReference; lastKnownFileType = text.plist.strings; name = en; path = en.lproj/Localizable.strings; sourceTree = "<group>"; };
		5366DA7B3E10BEF9DD9BAD7F /* libMomentPlayerView.a */ = {isa = PBXFileReference; includeInIndex = 0; lastKnownFileType = archive.ar; path = libMomentPlayerView.a; sourceTree = BUILT_PRODUCTS_DIR; };
		54134C523B0D8A055537CB93 /* Lorem ipsum.txt */ = {isa = PBXFileReference; lastKnownFileType = text; path = "Lorem ipsum.txt"; sourceTree = "<group>"; };
		5A6238E4E0E4A96D5CD2700B /* libMomentCommonUtil.a */ = {isa = PBXFileReference; includeInIndex = 0; lastKnownFileType = archive.ar; path = libMomentCommonUtil.a; sourceTree = BUILT_PRODUCTS_DIR; };
		68980BC83DE2E2DA8725A25F /* ActualRepositoryTests.swift */ = {isa = PBXFileReference; lastKnownFileType = sourcecode.swift; path = ActualRepositoryTests.swift; sourceTree = "<group>"; };
		6BA98157079400AA70AF2DFC /* MomentPlayerTests.xctest */ = {isa = PBXFileReference; includeInIndex = 0; lastKnownFileType = wrapper.cfbundle; path = MomentPlayerTests.xctest; sourceTree = BUILT_PRODUCTS_DIR; };
		72EA27AD4A97F0CA5F20B5BE /* libMomentEditorDomain.a */ = {isa = PBXFileReference; includeInIndex = 0; lastKnownFileType = archive.ar; path = libMomentEditorDomain.a; sourceTree = BUILT_PRODUCTS_DIR; };
		738F6576652CA1A5DBA53273 /* ActualRepository.swift */ = {isa = PBXFileReference; lastKnownFileType = sourcecode.swift; path = ActualRepository.swift; sourceTree = "<group>"; };
		76E1AEF002C3842E14655813 /* MomentSDK_MomentEditorView.bundle */ = {isa = PBXFileReference; includeInIndex = 0; lastKnownFileType = "wrapper.plug-in"; path = MomentSDK_MomentEditorView.bundle; sourceTree = BUILT_PRODUCTS_DIR; };
		774D642E479CDDAFECAC18D1 /* Media.xcassets */ = {isa = PBXFileReference; lastKnownFileType = folder.assetcatalog; path = Media.xcassets; sourceTree = "<group>"; };
		79F729378D2C81E9CF9D5D07 /* MomentEditorTests.xctest */ = {isa = PBXFileReference; includeInIndex = 0; lastKnownFileType = wrapper.cfbundle; path = MomentEditorTests.xctest; sourceTree = BUILT_PRODUCTS_DIR; };
		7AA1DD32AD593C431429DA04 /* ActualRepository.swift */ = {isa = PBXFileReference; lastKnownFileType = sourcecode.swift; path = ActualRepository.swift; sourceTree = "<group>"; };
		7C50595B356D18910CB0ED0A /* MomentCommon.framework */ = {isa = PBXFileReference; explicitFileType = wrapper.framework; includeInIndex = 0; path = MomentCommon.framework; sourceTree = BUILT_PRODUCTS_DIR; };
		8574DB3285F13DA83A8039C1 /* MomentEditorRepositoryTests.xctest */ = {isa = PBXFileReference; includeInIndex = 0; lastKnownFileType = wrapper.cfbundle; path = MomentEditorRepositoryTests.xctest; sourceTree = BUILT_PRODUCTS_DIR; };
		87B4CE2483C72BC206C1D634 /* iPhone_11.png */ = {isa = PBXFileReference; lastKnownFileType = image.png; path = iPhone_11.png; sourceTree = "<group>"; };
		8CF5C10D354B11FF493FA734 /* Entity.swift */ = {isa = PBXFileReference; lastKnownFileType = sourcecode.swift; path = Entity.swift; sourceTree = "<group>"; };
		A87B07AC6F2E08342FA425A4 /* MomentDataTests.swift */ = {isa = PBXFileReference; lastKnownFileType = sourcecode.swift; path = MomentDataTests.swift; sourceTree = "<group>"; };
		AA4C9CE9D14E2CDF560E75DC /* MomentEditorDomainTests.xctest */ = {isa = PBXFileReference; includeInIndex = 0; lastKnownFileType = wrapper.cfbundle; path = MomentEditorDomainTests.xctest; sourceTree = BUILT_PRODUCTS_DIR; };
		BAD6F1344C6169D6D7E8D5BD /* EditorViewController.swift */ = {isa = PBXFileReference; lastKnownFileType = sourcecode.swift; path = EditorViewController.swift; sourceTree = "<group>"; };
		C57F454EAAF8FEB0CF4C3957 /* EntityTests.swift */ = {isa = PBXFileReference; lastKnownFileType = sourcecode.swift; path = EntityTests.swift; sourceTree = "<group>"; };
		C79AF5A1BD170EDDE73FDFC1 /* MomentEditor.framework */ = {isa = PBXFileReference; explicitFileType = wrapper.framework; includeInIndex = 0; path = MomentEditor.framework; sourceTree = BUILT_PRODUCTS_DIR; };
		C7B04821686DCC5714AC2281 /* ViewData.swift */ = {isa = PBXFileReference; lastKnownFileType = sourcecode.swift; path = ViewData.swift; sourceTree = "<group>"; };
		D0730F5172E8D1718FD560EB /* EntityTests.swift */ = {isa = PBXFileReference; lastKnownFileType = sourcecode.swift; path = EntityTests.swift; sourceTree = "<group>"; };
		D3ED6E7BAF38A3F908538DB2 /* libMomentPlayerDomain.a */ = {isa = PBXFileReference; includeInIndex = 0; lastKnownFileType = archive.ar; path = libMomentPlayerDomain.a; sourceTree = BUILT_PRODUCTS_DIR; };
		D789E2A870E0A00904FC5757 /* Alamofire.framework */ = {isa = PBXFileReference; lastKnownFileType = wrapper.framework; path = Alamofire.framework; sourceTree = "<group>"; };
		DA61705D7EFD5F3431433985 /* libMomentEditorRepository.a */ = {isa = PBXFileReference; includeInIndex = 0; lastKnownFileType = archive.ar; path = libMomentEditorRepository.a; sourceTree = BUILT_PRODUCTS_DIR; };
		DCD8B03FC4474A37D1189C25 /* MomentPlayer.framework */ = {isa = PBXFileReference; explicitFileType = wrapper.framework; includeInIndex = 0; path = MomentPlayer.framework; sourceTree = BUILT_PRODUCTS_DIR; };
		E0602277D520F91C140C5522 /* ko */ = {isa = PBXFileReference; lastKnownFileType = text.plist.strings; name = ko; path = ko.lproj/Localizable.strings; sourceTree = "<group>"; };
		F886EB013069477D1BAD3544 /* EditorViewController.xib */ = {isa = PBXFileReference; lastKnownFileType = file.xib; path = EditorViewController.xib; sourceTree = "<group>"; };
		F9CEFDFE640FAA1C0860A6E7 /* MomentData.swift */ = {isa = PBXFileReference; lastKnownFileType = sourcecode.swift; path = MomentData.swift; sourceTree = "<group>"; };
		FEE1A4C971DD871035A78564 /* Foo.swift */ = {isa = PBXFileReference; lastKnownFileType = sourcecode.swift; path = Foo.swift; sourceTree = "<group>"; };
/* End PBXFileReference section */

/* Begin PBXFrameworksBuildPhase section */
		409F9EF5EAB91FC72769F78D /* Frameworks */ = {
			isa = PBXFrameworksBuildPhase;
			buildActionMask = 2147483647;
			files = (
				A4F92B3F1B77ED82B0A591CF /* libMomentPlayerRepository.a in Frameworks */,
			);
			runOnlyForDeploymentPostprocessing = 0;
		};
		4FB934191AB0F9EEC25DE9E9 /* Frameworks */ = {
			isa = PBXFrameworksBuildPhase;
			buildActionMask = 2147483647;
			files = (
				F8D302543D00D14BA5F7336D /* MomentPlayer.framework in Frameworks */,
			);
			runOnlyForDeploymentPostprocessing = 0;
		};
		6A85C4FB9982E138BEF0717D /* Frameworks */ = {
			isa = PBXFrameworksBuildPhase;
			buildActionMask = 2147483647;
			files = (
				24A60C842ADBBC1FD1DD1FC3 /* MomentEditor.framework in Frameworks */,
			);
			runOnlyForDeploymentPostprocessing = 0;
		};
		7211F5AA1C90335EC545501C /* Frameworks */ = {
			isa = PBXFrameworksBuildPhase;
			buildActionMask = 2147483647;
			files = (
				192E801AFB7A5C1C9A512815 /* libMomentPlayerDomain.a in Frameworks */,
			);
			runOnlyForDeploymentPostprocessing = 0;
		};
		95A04731163FDDA56455579F /* Frameworks */ = {
			isa = PBXFrameworksBuildPhase;
			buildActionMask = 2147483647;
			files = (
				15534C0824A3D35061625AB4 /* libMomentEditorDomain.a in Frameworks */,
			);
			runOnlyForDeploymentPostprocessing = 0;
		};
		ADFEAC2A563F740B4A6C3003 /* Frameworks */ = {
			isa = PBXFrameworksBuildPhase;
			buildActionMask = 2147483647;
			files = (
				D2CC8943E25F7CC425E5582D /* libMomentEditorDomain.a in Frameworks */,
				7D4887ABB100C26DD2CDBD30 /* libMomentEditorView.a in Frameworks */,
				C0CA0C36C7BAF464B9703C1B /* libMomentEditorRepository.a in Frameworks */,
				6A61E07BB0E935C636C71271 /* Alamofire.framework in Frameworks */,
			);
			runOnlyForDeploymentPostprocessing = 0;
		};
		D411BA735A7F051DE46A6577 /* Frameworks */ = {
			isa = PBXFrameworksBuildPhase;
			buildActionMask = 2147483647;
			files = (
				FF426BA9D5319FBD6AB63A2B /* libMomentPlayerDomain.a in Frameworks */,
				2EACBC6F59C61E52BF33F487 /* libMomentPlayerView.a in Frameworks */,
				01594BEA216C7B2688887309 /* libMomentPlayerRepository.a in Frameworks */,
				07F156D17871AC9A4459A670 /* Alamofire.framework in Frameworks */,
			);
			runOnlyForDeploymentPostprocessing = 0;
		};
		DBB450C4FA1E1D3149695846 /* Frameworks */ = {
			isa = PBXFrameworksBuildPhase;
			buildActionMask = 2147483647;
			files = (
				9C48330703FEAB99EF4F22B0 /* libMomentEditorRepository.a in Frameworks */,
			);
			runOnlyForDeploymentPostprocessing = 0;
		};
		E4F3FC5A88BA864302050E63 /* Frameworks */ = {
			isa = PBXFrameworksBuildPhase;
			buildActionMask = 2147483647;
			files = (
				EBCDA113ED0CBD4DFA371000 /* libMomentCommonUtil.a in Frameworks */,
			);
			runOnlyForDeploymentPostprocessing = 0;
		};
		E8D5F8A2BA1C021195ECF263 /* Frameworks */ = {
			isa = PBXFrameworksBuildPhase;
			buildActionMask = 2147483647;
			files = (
				565A1E7C0985E877CC28A427 /* MomentCommon.framework in Frameworks */,
			);
			runOnlyForDeploymentPostprocessing = 0;
		};
/* End PBXFrameworksBuildPhase section */

/* Begin PBXGroup section */
		0EA7781F0F87A258646B7754 /* RepositoryTests */ = {
			isa = PBXGroup;
			children = (
				68980BC83DE2E2DA8725A25F /* ActualRepositoryTests.swift */,
			);
			path = RepositoryTests;
			sourceTree = "<group>";
		};
		1907338355CF395C9E4B6CCF /* MomentEditorTests */ = {
			isa = PBXGroup;
			children = (
				A87B07AC6F2E08342FA425A4 /* MomentDataTests.swift */,
			);
			path = MomentEditorTests;
			sourceTree = "<group>";
		};
		1A991127CBBF2A2074301FBB /* Repository */ = {
			isa = PBXGroup;
			children = (
				738F6576652CA1A5DBA53273 /* ActualRepository.swift */,
			);
			path = Repository;
			sourceTree = "<group>";
		};
		1B4C6DD5E92FB5D3E837F786 /* Common */ = {
			isa = PBXGroup;
			children = (
				DC64910D6389EDD4A821B0AA /* MomentCommonTests */,
			);
			path = Common;
			sourceTree = "<group>";
		};
		1E056D4E1EBA6963D4EA8231 /* Util */ = {
			isa = PBXGroup;
			children = (
				2456B252C7D2B6F7E689E289 /* Utility.swift */,
			);
			path = Util;
			sourceTree = "<group>";
		};
		22340E5869C6AC212CB9B3D5 /* Player */ = {
			isa = PBXGroup;
			children = (
				EC331873723ABFC5DEA89DE4 /* Domain */,
				9FF3D11F69EE0BDF6DE493A3 /* MomentPlayer */,
				2801E5CDC1FE53DD380E40DA /* Repository */,
				E83ADF0BE8B0CF817341BBC8 /* View */,
			);
			path = Player;
			sourceTree = "<group>";
		};
		2801E5CDC1FE53DD380E40DA /* Repository */ = {
			isa = PBXGroup;
			children = (
				7AA1DD32AD593C431429DA04 /* ActualRepository.swift */,
			);
			path = Repository;
			sourceTree = "<group>";
		};
		2B50138B02BFD96AC9462920 = {
			isa = PBXGroup;
			children = (
				30A2C15AC3B0EF2CCA0AFCAC /* Sources */,
				87DDD55E21280E32ABBDC3DB /* Tests */,
				C7DD13BA289256E3E0FFF130 /* Frameworks */,
				7DF7752A741843D491BB1C08 /* Products */,
			);
			sourceTree = "<group>";
		};
		2F0B5E446C899D2C2833364A /* iOS */ = {
			isa = PBXGroup;
			children = (
				D789E2A870E0A00904FC5757 /* Alamofire.framework */,
			);
			path = iOS;
			sourceTree = "<group>";
		};
		30A2C15AC3B0EF2CCA0AFCAC /* Sources */ = {
			isa = PBXGroup;
			children = (
				83B73CBE17FDF9E24D322FE6 /* Common */,
				E567662C6C00DA3509F3D383 /* Editor */,
				22340E5869C6AC212CB9B3D5 /* Player */,
			);
			path = Sources;
			sourceTree = "<group>";
		};
		477935A9211FD42C08796D11 /* DomainTests */ = {
			isa = PBXGroup;
			children = (
				C57F454EAAF8FEB0CF4C3957 /* EntityTests.swift */,
			);
			path = DomainTests;
			sourceTree = "<group>";
		};
		4BA75C36C0E85E3C643E21C1 /* Resources */ = {
			isa = PBXGroup;
			children = (
				87B4CE2483C72BC206C1D634 /* iPhone_11.png */,
				D2F9D121F899DCDCE144BB75 /* Localizable.strings */,
				54134C523B0D8A055537CB93 /* Lorem ipsum.txt */,
				774D642E479CDDAFECAC18D1 /* Media.xcassets */,
				27F361CA69B23697FDB47654 /* resource_bundle_accessor.swift */,
			);
			path = Resources;
			sourceTree = "<group>";
		};
		5BA87A7BEF74B5F1D550A4BE /* MomentEditor */ = {
			isa = PBXGroup;
			children = (
				F9CEFDFE640FAA1C0860A6E7 /* MomentData.swift */,
			);
			path = MomentEditor;
			sourceTree = "<group>";
		};
		60AEE75DCAC0983B3B9A53FC /* DomainTests */ = {
			isa = PBXGroup;
			children = (
				D0730F5172E8D1718FD560EB /* EntityTests.swift */,
			);
			path = DomainTests;
			sourceTree = "<group>";
		};
		64F3DE1E7A7B795C4A98A74C /* Domain */ = {
			isa = PBXGroup;
			children = (
				084BB42423E58342F3A8D64A /* Dice.swift */,
				8CF5C10D354B11FF493FA734 /* Entity.swift */,
			);
			path = Domain;
			sourceTree = "<group>";
		};
		6B89D67819CA1EF450E77D02 /* MomentPlayerTests */ = {
			isa = PBXGroup;
			children = (
				20E12402F927352CB05F19CA /* MomentDataTests.swift */,
			);
			path = MomentPlayerTests;
			sourceTree = "<group>";
		};
		7DF7752A741843D491BB1C08 /* Products */ = {
			isa = PBXGroup;
			children = (
				5A6238E4E0E4A96D5CD2700B /* libMomentCommonUtil.a */,
				72EA27AD4A97F0CA5F20B5BE /* libMomentEditorDomain.a */,
				DA61705D7EFD5F3431433985 /* libMomentEditorRepository.a */,
				3D584CCF2EAAB5B1137ECA90 /* libMomentEditorView.a */,
				D3ED6E7BAF38A3F908538DB2 /* libMomentPlayerDomain.a */,
				1FB26307D594E86896B5C183 /* libMomentPlayerRepository.a */,
				5366DA7B3E10BEF9DD9BAD7F /* libMomentPlayerView.a */,
				7C50595B356D18910CB0ED0A /* MomentCommon.framework */,
				003946A52A113F130A99A5A2 /* MomentCommonTests.xctest */,
				C79AF5A1BD170EDDE73FDFC1 /* MomentEditor.framework */,
				AA4C9CE9D14E2CDF560E75DC /* MomentEditorDomainTests.xctest */,
				8574DB3285F13DA83A8039C1 /* MomentEditorRepositoryTests.xctest */,
				79F729378D2C81E9CF9D5D07 /* MomentEditorTests.xctest */,
				DCD8B03FC4474A37D1189C25 /* MomentPlayer.framework */,
				4E2E73EBE9AF06C83795675F /* MomentPlayerDomainTests.xctest */,
				02EA6B4AB52393DB4F84D247 /* MomentPlayerRepositoryTests.xctest */,
				6BA98157079400AA70AF2DFC /* MomentPlayerTests.xctest */,
				76E1AEF002C3842E14655813 /* MomentSDK_MomentEditorView.bundle */,
			);
			name = Products;
			sourceTree = "<group>";
		};
		81A4D3231C3F9728AAD10440 /* View */ = {
			isa = PBXGroup;
			children = (
				BAD6F1344C6169D6D7E8D5BD /* EditorViewController.swift */,
				F886EB013069477D1BAD3544 /* EditorViewController.xib */,
				C7B04821686DCC5714AC2281 /* ViewData.swift */,
				4BA75C36C0E85E3C643E21C1 /* Resources */,
			);
			path = View;
			sourceTree = "<group>";
		};
		83B73CBE17FDF9E24D322FE6 /* Common */ = {
			isa = PBXGroup;
			children = (
				8A87E56482BA3F8B9470FD9C /* MomentCommon */,
				1E056D4E1EBA6963D4EA8231 /* Util */,
			);
			path = Common;
			sourceTree = "<group>";
		};
		840318BD7C9DD4E12BB82094 /* RepositoryTests */ = {
			isa = PBXGroup;
			children = (
				20CC67196A92FFDA9EDFD684 /* ActualRepositoryTests.swift */,
			);
			path = RepositoryTests;
			sourceTree = "<group>";
		};
		87DDD55E21280E32ABBDC3DB /* Tests */ = {
			isa = PBXGroup;
			children = (
				1B4C6DD5E92FB5D3E837F786 /* Common */,
				F624379D574A9FD57B9EAE78 /* Editor */,
				D36712089DD0C10B842ABA1C /* Player */,
			);
			path = Tests;
			sourceTree = "<group>";
		};
		8A87E56482BA3F8B9470FD9C /* MomentCommon */ = {
			isa = PBXGroup;
			children = (
				FEE1A4C971DD871035A78564 /* Foo.swift */,
			);
			path = MomentCommon;
			sourceTree = "<group>";
		};
		8B0247D8A94F25DAC774B033 /* Carthage */ = {
			isa = PBXGroup;
			children = (
				2F0B5E446C899D2C2833364A /* iOS */,
			);
			name = Carthage;
			path = Carthage/Build;
			sourceTree = "<group>";
		};
		9FF3D11F69EE0BDF6DE493A3 /* MomentPlayer */ = {
			isa = PBXGroup;
			children = (
				1B9DF7ECE76F7EEA5DB36DD9 /* MomentData.swift */,
			);
			path = MomentPlayer;
			sourceTree = "<group>";
		};
		C7DD13BA289256E3E0FFF130 /* Frameworks */ = {
			isa = PBXGroup;
			children = (
				8B0247D8A94F25DAC774B033 /* Carthage */,
			);
			name = Frameworks;
			sourceTree = "<group>";
		};
		D36712089DD0C10B842ABA1C /* Player */ = {
			isa = PBXGroup;
			children = (
				477935A9211FD42C08796D11 /* DomainTests */,
				6B89D67819CA1EF450E77D02 /* MomentPlayerTests */,
				840318BD7C9DD4E12BB82094 /* RepositoryTests */,
			);
			path = Player;
			sourceTree = "<group>";
		};
		DC64910D6389EDD4A821B0AA /* MomentCommonTests */ = {
			isa = PBXGroup;
			children = (
				299D9580EFA401C3DB9BF55C /* FooTests.swift */,
			);
			path = MomentCommonTests;
			sourceTree = "<group>";
		};
		E567662C6C00DA3509F3D383 /* Editor */ = {
			isa = PBXGroup;
			children = (
				64F3DE1E7A7B795C4A98A74C /* Domain */,
				5BA87A7BEF74B5F1D550A4BE /* MomentEditor */,
				1A991127CBBF2A2074301FBB /* Repository */,
				81A4D3231C3F9728AAD10440 /* View */,
			);
			path = Editor;
			sourceTree = "<group>";
		};
		E83ADF0BE8B0CF817341BBC8 /* View */ = {
			isa = PBXGroup;
			children = (
				0F3B4634F473A7B296F0FB6B /* ViewData.swift */,
			);
			path = View;
			sourceTree = "<group>";
		};
		EC331873723ABFC5DEA89DE4 /* Domain */ = {
			isa = PBXGroup;
			children = (
				31AA819124F9C87DD10C9E1F /* Entity.swift */,
			);
			path = Domain;
			sourceTree = "<group>";
		};
		F624379D574A9FD57B9EAE78 /* Editor */ = {
			isa = PBXGroup;
			children = (
				60AEE75DCAC0983B3B9A53FC /* DomainTests */,
				1907338355CF395C9E4B6CCF /* MomentEditorTests */,
				0EA7781F0F87A258646B7754 /* RepositoryTests */,
			);
			path = Editor;
			sourceTree = "<group>";
		};
/* End PBXGroup section */

/* Begin PBXNativeTarget section */
		0481610BD95FE386C3F6CE21 /* MomentPlayer */ = {
			isa = PBXNativeTarget;
			buildConfigurationList = 256C597A4041DC1CCB307707 /* Build configuration list for PBXNativeTarget "MomentPlayer" */;
			buildPhases = (
				12C3D2EA77235FBA8EEEFF5D /* Sources */,
				D411BA735A7F051DE46A6577 /* Frameworks */,
			);
			buildRules = (
			);
			dependencies = (
				E679F5DFD19B194E7E85C7C7 /* PBXTargetDependency */,
				0333F7628AFA5B76773E4634 /* PBXTargetDependency */,
				91E8E5ACBCBCE27BE2CF0650 /* PBXTargetDependency */,
			);
			name = MomentPlayer;
			productName = MomentPlayer;
			productReference = DCD8B03FC4474A37D1189C25 /* MomentPlayer.framework */;
			productType = "com.apple.product-type.framework";
		};
		1264CE8D785B004B7E883C4E /* MomentEditorTests */ = {
			isa = PBXNativeTarget;
			buildConfigurationList = 33C61B3051BFBF9E1F05B372 /* Build configuration list for PBXNativeTarget "MomentEditorTests" */;
			buildPhases = (
				DDCAF2A89B2F90700597FDEC /* Sources */,
				6A85C4FB9982E138BEF0717D /* Frameworks */,
				41790CB18AB3FD331DA416CB /* Embed Frameworks */,
			);
			buildRules = (
			);
			dependencies = (
				607A6E43D60F18FEA109798E /* PBXTargetDependency */,
			);
			name = MomentEditorTests;
			productName = MomentEditorTests;
			productReference = 79F729378D2C81E9CF9D5D07 /* MomentEditorTests.xctest */;
			productType = "com.apple.product-type.bundle.unit-test";
		};
		1A3C1DB5EC23A8ACCE0FE8DD /* MomentCommon */ = {
			isa = PBXNativeTarget;
			buildConfigurationList = D99B85AA6AC8295EAB51436D /* Build configuration list for PBXNativeTarget "MomentCommon" */;
			buildPhases = (
				6506BC5D0351DFBCA83D8FD6 /* Sources */,
				E4F3FC5A88BA864302050E63 /* Frameworks */,
			);
			buildRules = (
			);
			dependencies = (
				71A42E944356925D5114069E /* PBXTargetDependency */,
			);
			name = MomentCommon;
			productName = MomentCommon;
			productReference = 7C50595B356D18910CB0ED0A /* MomentCommon.framework */;
			productType = "com.apple.product-type.framework";
		};
		26A459E122714162D8FA1259 /* MomentCommonUtil */ = {
			isa = PBXNativeTarget;
			buildConfigurationList = 61D6766586E6D25145188A41 /* Build configuration list for PBXNativeTarget "MomentCommonUtil" */;
			buildPhases = (
				5E7A68CDAECC1F61AEC17AF3 /* Sources */,
				EA57B77C84A9D93D9541A12A /* Copy Swift Objective-C Interface Header */,
			);
			buildRules = (
			);
			dependencies = (
			);
			name = MomentCommonUtil;
			productName = MomentCommonUtil;
			productReference = 5A6238E4E0E4A96D5CD2700B /* libMomentCommonUtil.a */;
			productType = "com.apple.product-type.library.static";
		};
		2E595DE4BE063DCC6B8F85AC /* MomentEditor */ = {
			isa = PBXNativeTarget;
			buildConfigurationList = 6FFEC450196FD6F67E37B58A /* Build configuration list for PBXNativeTarget "MomentEditor" */;
			buildPhases = (
				2E8884B5DBB7000D2E738189 /* Sources */,
				7AFB2D20085D51C41E6F34B0 /* Resources */,
				ADFEAC2A563F740B4A6C3003 /* Frameworks */,
			);
			buildRules = (
			);
			dependencies = (
				9AF53DFF5612F560848065A3 /* PBXTargetDependency */,
				2E896B6120367E08F3AB6397 /* PBXTargetDependency */,
				B4D2749ED1505A4579B9C2CF /* PBXTargetDependency */,
				FC8483B9448F5EFCADFEFE7F /* PBXTargetDependency */,
			);
			name = MomentEditor;
			productName = MomentEditor;
			productReference = C79AF5A1BD170EDDE73FDFC1 /* MomentEditor.framework */;
			productType = "com.apple.product-type.framework";
		};
		4A4247C779CFEF1308F0F3CA /* MomentPlayerDomainTests */ = {
			isa = PBXNativeTarget;
			buildConfigurationList = 4559BFCBC42F954F46F2D1E2 /* Build configuration list for PBXNativeTarget "MomentPlayerDomainTests" */;
			buildPhases = (
				D47D15E0163A5DB91FAB4ED8 /* Sources */,
				7211F5AA1C90335EC545501C /* Frameworks */,
			);
			buildRules = (
			);
			dependencies = (
				95F03D42B0D1AF804B3EE20E /* PBXTargetDependency */,
			);
			name = MomentPlayerDomainTests;
			productName = MomentPlayerDomainTests;
			productReference = 4E2E73EBE9AF06C83795675F /* MomentPlayerDomainTests.xctest */;
			productType = "com.apple.product-type.bundle.unit-test";
		};
		52F1C64370D6B5EB8F73A39B /* MomentPlayerRepositoryTests */ = {
			isa = PBXNativeTarget;
			buildConfigurationList = B878C535C25480D678A77863 /* Build configuration list for PBXNativeTarget "MomentPlayerRepositoryTests" */;
			buildPhases = (
				155CFCA063DE25158A6E904B /* Sources */,
				409F9EF5EAB91FC72769F78D /* Frameworks */,
			);
			buildRules = (
			);
			dependencies = (
				8314DF246EA7BE2667DC2A19 /* PBXTargetDependency */,
			);
			name = MomentPlayerRepositoryTests;
			productName = MomentPlayerRepositoryTests;
			productReference = 02EA6B4AB52393DB4F84D247 /* MomentPlayerRepositoryTests.xctest */;
			productType = "com.apple.product-type.bundle.unit-test";
		};
		58181A47DCF6CA93D4B1047C /* MomentEditorDomainTests */ = {
			isa = PBXNativeTarget;
			buildConfigurationList = B7F559EDB42D63DC1497BA8E /* Build configuration list for PBXNativeTarget "MomentEditorDomainTests" */;
			buildPhases = (
				3B3CBD7A76A9318631B06B7C /* Sources */,
				95A04731163FDDA56455579F /* Frameworks */,
			);
			buildRules = (
			);
			dependencies = (
				02E7209E15BAEA974A3B3F19 /* PBXTargetDependency */,
			);
			name = MomentEditorDomainTests;
			productName = MomentEditorDomainTests;
			productReference = AA4C9CE9D14E2CDF560E75DC /* MomentEditorDomainTests.xctest */;
			productType = "com.apple.product-type.bundle.unit-test";
		};
		63CB3C4E9651FB9CA80AF732 /* MomentEditorRepository */ = {
			isa = PBXNativeTarget;
			buildConfigurationList = 440111B38242EEBAB2E8D30F /* Build configuration list for PBXNativeTarget "MomentEditorRepository" */;
			buildPhases = (
				60DD0FE26302AEB9BD6F142E /* Sources */,
				8EB7799190AD7D7B96F41D41 /* Copy Swift Objective-C Interface Header */,
			);
			buildRules = (
			);
			dependencies = (
				DC425ED258E5E6AA3FCCC008 /* PBXTargetDependency */,
			);
			name = MomentEditorRepository;
			productName = MomentEditorRepository;
			productReference = DA61705D7EFD5F3431433985 /* libMomentEditorRepository.a */;
			productType = "com.apple.product-type.library.static";
		};
		64182A12A70BBE0C5D5D774B /* MomentSDK_MomentEditorView */ = {
			isa = PBXNativeTarget;
			buildConfigurationList = 996D5DEB31F075A03B006F26 /* Build configuration list for PBXNativeTarget "MomentSDK_MomentEditorView" */;
			buildPhases = (
				F35B1707C1E78E35DE7B5C83 /* Resources */,
			);
			buildRules = (
			);
			dependencies = (
			);
			name = MomentSDK_MomentEditorView;
			productName = MomentSDK_MomentEditorView;
			productReference = 76E1AEF002C3842E14655813 /* MomentSDK_MomentEditorView.bundle */;
			productType = "com.apple.product-type.bundle";
		};
		65FA019AE9E5F502FE62294E /* MomentPlayerTests */ = {
			isa = PBXNativeTarget;
			buildConfigurationList = B6FA12386ECFCE1F90A71158 /* Build configuration list for PBXNativeTarget "MomentPlayerTests" */;
			buildPhases = (
				3A3C7821C2F63FB9333B5563 /* Sources */,
				4FB934191AB0F9EEC25DE9E9 /* Frameworks */,
				E6AE427D69BEC1D106A332D3 /* Embed Frameworks */,
			);
			buildRules = (
			);
			dependencies = (
				80DEB52509B96E26D5BDADD3 /* PBXTargetDependency */,
			);
			name = MomentPlayerTests;
			productName = MomentPlayerTests;
			productReference = 6BA98157079400AA70AF2DFC /* MomentPlayerTests.xctest */;
			productType = "com.apple.product-type.bundle.unit-test";
		};
		7E69E6BFB376C544F3664814 /* MomentEditorRepositoryTests */ = {
			isa = PBXNativeTarget;
			buildConfigurationList = D7731E6726CEFDF0ABD62DB7 /* Build configuration list for PBXNativeTarget "MomentEditorRepositoryTests" */;
			buildPhases = (
				0EC276B51FD04F8976A31E59 /* Sources */,
				DBB450C4FA1E1D3149695846 /* Frameworks */,
				D237AF18D625FF102FFF8BC7 /* Embed Frameworks */,
			);
			buildRules = (
			);
			dependencies = (
				173F57E1070C00106C11EE21 /* PBXTargetDependency */,
			);
			name = MomentEditorRepositoryTests;
			productName = MomentEditorRepositoryTests;
			productReference = 8574DB3285F13DA83A8039C1 /* MomentEditorRepositoryTests.xctest */;
			productType = "com.apple.product-type.bundle.unit-test";
		};
		85A496B8E9F15E4FDDC5C7AD /* MomentEditorDomain */ = {
			isa = PBXNativeTarget;
			buildConfigurationList = B8605A7429A40D81D8D9EDAD /* Build configuration list for PBXNativeTarget "MomentEditorDomain" */;
			buildPhases = (
				662EC1454D09009F5A169CF2 /* Sources */,
				27BA5FBA634C0C92498C9234 /* Copy Swift Objective-C Interface Header */,
			);
			buildRules = (
			);
			dependencies = (
				63F0D98CBAFD9DB7761251B9 /* PBXTargetDependency */,
			);
			name = MomentEditorDomain;
			productName = MomentEditorDomain;
			productReference = 72EA27AD4A97F0CA5F20B5BE /* libMomentEditorDomain.a */;
			productType = "com.apple.product-type.library.static";
		};
		8ECCCEF42A3D9BAD4D23A798 /* MomentPlayerView */ = {
			isa = PBXNativeTarget;
			buildConfigurationList = AA3CD2DBD9E77B0242B64645 /* Build configuration list for PBXNativeTarget "MomentPlayerView" */;
			buildPhases = (
				C845A045613E201556BC6FA0 /* Sources */,
				3336D1398049FE6036DEC3F7 /* Copy Swift Objective-C Interface Header */,
			);
			buildRules = (
			);
			dependencies = (
				6939B4DB9CE6A4C689280003 /* PBXTargetDependency */,
				3DD6FE56F10AAE387E606BDD /* PBXTargetDependency */,
			);
			name = MomentPlayerView;
			productName = MomentPlayerView;
			productReference = 5366DA7B3E10BEF9DD9BAD7F /* libMomentPlayerView.a */;
			productType = "com.apple.product-type.library.static";
		};
		A23450F83F0FA408AF4737BD /* MomentCommonTests */ = {
			isa = PBXNativeTarget;
			buildConfigurationList = 345B6D9A23717D5977DC4A42 /* Build configuration list for PBXNativeTarget "MomentCommonTests" */;
			buildPhases = (
				87DCBCCE10D12C1D1143CDBF /* Sources */,
				E8D5F8A2BA1C021195ECF263 /* Frameworks */,
				EA34A350ACAC4790C021BF41 /* Embed Frameworks */,
			);
			buildRules = (
			);
			dependencies = (
				2B0835C7ECD04EDF07D759D3 /* PBXTargetDependency */,
			);
			name = MomentCommonTests;
			productName = MomentCommonTests;
			productReference = 003946A52A113F130A99A5A2 /* MomentCommonTests.xctest */;
			productType = "com.apple.product-type.bundle.unit-test";
		};
		CC227DD09E6E11369A9A5E71 /* MomentPlayerRepository */ = {
			isa = PBXNativeTarget;
			buildConfigurationList = 1A0F7BC3FB77616543828B4B /* Build configuration list for PBXNativeTarget "MomentPlayerRepository" */;
			buildPhases = (
				53E14429FD62C150746D1DAE /* Sources */,
				1C86313C8ACF2B82CC95D049 /* Copy Swift Objective-C Interface Header */,
			);
			buildRules = (
			);
			dependencies = (
				DF185B682268D3D635D9EFC3 /* PBXTargetDependency */,
			);
			name = MomentPlayerRepository;
			productName = MomentPlayerRepository;
			productReference = 1FB26307D594E86896B5C183 /* libMomentPlayerRepository.a */;
			productType = "com.apple.product-type.library.static";
		};
		DA0A88EE36E1936C0F963BE1 /* MomentPlayerDomain */ = {
			isa = PBXNativeTarget;
			buildConfigurationList = 2D5FD4F18E2D2DD1B4F96E8C /* Build configuration list for PBXNativeTarget "MomentPlayerDomain" */;
			buildPhases = (
				B96FBA18F5B239BB219E84C3 /* Sources */,
				27BF3AF4B1C3BBCAA332ABEF /* Copy Swift Objective-C Interface Header */,
			);
			buildRules = (
			);
			dependencies = (
			);
			name = MomentPlayerDomain;
			productName = MomentPlayerDomain;
			productReference = D3ED6E7BAF38A3F908538DB2 /* libMomentPlayerDomain.a */;
			productType = "com.apple.product-type.library.static";
		};
		EB953EE41E839E34A71C7108 /* MomentEditorView */ = {
			isa = PBXNativeTarget;
			buildConfigurationList = 82835096722AE98D71A06261 /* Build configuration list for PBXNativeTarget "MomentEditorView" */;
			buildPhases = (
				6B707AF5B282713F94249E6C /* Sources */,
				A7EE5589E008A5DB11451319 /* Copy Swift Objective-C Interface Header */,
			);
			buildRules = (
			);
			dependencies = (
				A4BCBACB6CA94607D24D2BED /* PBXTargetDependency */,
				928DA2743892AD7E4CD9CA3B /* PBXTargetDependency */,
				3593DB15D84560B957A0288B /* PBXTargetDependency */,
			);
			name = MomentEditorView;
			productName = MomentEditorView;
			productReference = 3D584CCF2EAAB5B1137ECA90 /* libMomentEditorView.a */;
			productType = "com.apple.product-type.library.static";
		};
/* End PBXNativeTarget section */

/* Begin PBXProject section */
		B8CB9146C73E33A0219E47EF /* Project object */ = {
			isa = PBXProject;
			attributes = {
				LastUpgradeCheck = 1020;
				TargetAttributes = {
				};
			};
			buildConfigurationList = 0295CD4A2CB67E377202C6A0 /* Build configuration list for PBXProject "MomentSDK" */;
			compatibilityVersion = "Xcode 10.0";
			developmentRegion = en;
			hasScannedForEncodings = 0;
			knownRegions = (
				en,
				ko,
			);
			mainGroup = 2B50138B02BFD96AC9462920;
			projectDirPath = "";
			projectRoot = "";
			targets = (
				1A3C1DB5EC23A8ACCE0FE8DD /* MomentCommon */,
				A23450F83F0FA408AF4737BD /* MomentCommonTests */,
				26A459E122714162D8FA1259 /* MomentCommonUtil */,
				2E595DE4BE063DCC6B8F85AC /* MomentEditor */,
				85A496B8E9F15E4FDDC5C7AD /* MomentEditorDomain */,
				58181A47DCF6CA93D4B1047C /* MomentEditorDomainTests */,
				63CB3C4E9651FB9CA80AF732 /* MomentEditorRepository */,
				7E69E6BFB376C544F3664814 /* MomentEditorRepositoryTests */,
				1264CE8D785B004B7E883C4E /* MomentEditorTests */,
				EB953EE41E839E34A71C7108 /* MomentEditorView */,
				0481610BD95FE386C3F6CE21 /* MomentPlayer */,
				DA0A88EE36E1936C0F963BE1 /* MomentPlayerDomain */,
				4A4247C779CFEF1308F0F3CA /* MomentPlayerDomainTests */,
				CC227DD09E6E11369A9A5E71 /* MomentPlayerRepository */,
				52F1C64370D6B5EB8F73A39B /* MomentPlayerRepositoryTests */,
				65FA019AE9E5F502FE62294E /* MomentPlayerTests */,
				8ECCCEF42A3D9BAD4D23A798 /* MomentPlayerView */,
				64182A12A70BBE0C5D5D774B /* MomentSDK_MomentEditorView */,
			);
		};
/* End PBXProject section */

/* Begin PBXResourcesBuildPhase section */
		7AFB2D20085D51C41E6F34B0 /* Resources */ = {
			isa = PBXResourcesBuildPhase;
			buildActionMask = 2147483647;
			files = (
				37BFEEFB853307356ECD3F2C /* MomentSDK_MomentEditorView.bundle in Resources */,
			);
			runOnlyForDeploymentPostprocessing = 0;
		};
		F35B1707C1E78E35DE7B5C83 /* Resources */ = {
			isa = PBXResourcesBuildPhase;
			buildActionMask = 2147483647;
			files = (
				896349A440191A5A1E9AB088 /* EditorViewController.xib in Resources */,
				697AF566279E64EB38966E9A /* Localizable.strings in Resources */,
				10238224D74A9F62BE5C53B3 /* Lorem ipsum.txt in Resources */,
				F475C95FE1131B8410F0DFBB /* Media.xcassets in Resources */,
				8272FBD923A4895ADA50453C /* iPhone_11.png in Resources */,
			);
			runOnlyForDeploymentPostprocessing = 0;
		};
/* End PBXResourcesBuildPhase section */

/* Begin PBXShellScriptBuildPhase section */
		1C86313C8ACF2B82CC95D049 /* Copy Swift Objective-C Interface Header */ = {
			isa = PBXShellScriptBuildPhase;
			buildActionMask = 2147483647;
			files = (
			);
			inputPaths = (
				"$(DERIVED_SOURCES_DIR)/$(SWIFT_OBJC_INTERFACE_HEADER_NAME)",
			);
			name = "Copy Swift Objective-C Interface Header";
			outputPaths = (
				"$(BUILT_PRODUCTS_DIR)/include/$(PRODUCT_MODULE_NAME)/$(SWIFT_OBJC_INTERFACE_HEADER_NAME)",
			);
			runOnlyForDeploymentPostprocessing = 0;
			shellPath = /bin/sh;
			shellScript = "ditto \"${SCRIPT_INPUT_FILE_0}\" \"${SCRIPT_OUTPUT_FILE_0}\"\n";
		};
		27BA5FBA634C0C92498C9234 /* Copy Swift Objective-C Interface Header */ = {
			isa = PBXShellScriptBuildPhase;
			buildActionMask = 2147483647;
			files = (
			);
			inputPaths = (
				"$(DERIVED_SOURCES_DIR)/$(SWIFT_OBJC_INTERFACE_HEADER_NAME)",
			);
			name = "Copy Swift Objective-C Interface Header";
			outputPaths = (
				"$(BUILT_PRODUCTS_DIR)/include/$(PRODUCT_MODULE_NAME)/$(SWIFT_OBJC_INTERFACE_HEADER_NAME)",
			);
			runOnlyForDeploymentPostprocessing = 0;
			shellPath = /bin/sh;
			shellScript = "ditto \"${SCRIPT_INPUT_FILE_0}\" \"${SCRIPT_OUTPUT_FILE_0}\"\n";
		};
		27BF3AF4B1C3BBCAA332ABEF /* Copy Swift Objective-C Interface Header */ = {
			isa = PBXShellScriptBuildPhase;
			buildActionMask = 2147483647;
			files = (
			);
			inputPaths = (
				"$(DERIVED_SOURCES_DIR)/$(SWIFT_OBJC_INTERFACE_HEADER_NAME)",
			);
			name = "Copy Swift Objective-C Interface Header";
			outputPaths = (
				"$(BUILT_PRODUCTS_DIR)/include/$(PRODUCT_MODULE_NAME)/$(SWIFT_OBJC_INTERFACE_HEADER_NAME)",
			);
			runOnlyForDeploymentPostprocessing = 0;
			shellPath = /bin/sh;
			shellScript = "ditto \"${SCRIPT_INPUT_FILE_0}\" \"${SCRIPT_OUTPUT_FILE_0}\"\n";
		};
		3336D1398049FE6036DEC3F7 /* Copy Swift Objective-C Interface Header */ = {
			isa = PBXShellScriptBuildPhase;
			buildActionMask = 2147483647;
			files = (
			);
			inputPaths = (
				"$(DERIVED_SOURCES_DIR)/$(SWIFT_OBJC_INTERFACE_HEADER_NAME)",
			);
			name = "Copy Swift Objective-C Interface Header";
			outputPaths = (
				"$(BUILT_PRODUCTS_DIR)/include/$(PRODUCT_MODULE_NAME)/$(SWIFT_OBJC_INTERFACE_HEADER_NAME)",
			);
			runOnlyForDeploymentPostprocessing = 0;
			shellPath = /bin/sh;
			shellScript = "ditto \"${SCRIPT_INPUT_FILE_0}\" \"${SCRIPT_OUTPUT_FILE_0}\"\n";
		};
		8EB7799190AD7D7B96F41D41 /* Copy Swift Objective-C Interface Header */ = {
			isa = PBXShellScriptBuildPhase;
			buildActionMask = 2147483647;
			files = (
			);
			inputPaths = (
				"$(DERIVED_SOURCES_DIR)/$(SWIFT_OBJC_INTERFACE_HEADER_NAME)",
			);
			name = "Copy Swift Objective-C Interface Header";
			outputPaths = (
				"$(BUILT_PRODUCTS_DIR)/include/$(PRODUCT_MODULE_NAME)/$(SWIFT_OBJC_INTERFACE_HEADER_NAME)",
			);
			runOnlyForDeploymentPostprocessing = 0;
			shellPath = /bin/sh;
			shellScript = "ditto \"${SCRIPT_INPUT_FILE_0}\" \"${SCRIPT_OUTPUT_FILE_0}\"\n";
		};
		A7EE5589E008A5DB11451319 /* Copy Swift Objective-C Interface Header */ = {
			isa = PBXShellScriptBuildPhase;
			buildActionMask = 2147483647;
			files = (
			);
			inputPaths = (
				"$(DERIVED_SOURCES_DIR)/$(SWIFT_OBJC_INTERFACE_HEADER_NAME)",
			);
			name = "Copy Swift Objective-C Interface Header";
			outputPaths = (
				"$(BUILT_PRODUCTS_DIR)/include/$(PRODUCT_MODULE_NAME)/$(SWIFT_OBJC_INTERFACE_HEADER_NAME)",
			);
			runOnlyForDeploymentPostprocessing = 0;
			shellPath = /bin/sh;
			shellScript = "ditto \"${SCRIPT_INPUT_FILE_0}\" \"${SCRIPT_OUTPUT_FILE_0}\"\n";
		};
		EA57B77C84A9D93D9541A12A /* Copy Swift Objective-C Interface Header */ = {
			isa = PBXShellScriptBuildPhase;
			buildActionMask = 2147483647;
			files = (
			);
			inputPaths = (
				"$(DERIVED_SOURCES_DIR)/$(SWIFT_OBJC_INTERFACE_HEADER_NAME)",
			);
			name = "Copy Swift Objective-C Interface Header";
			outputPaths = (
				"$(BUILT_PRODUCTS_DIR)/include/$(PRODUCT_MODULE_NAME)/$(SWIFT_OBJC_INTERFACE_HEADER_NAME)",
			);
			runOnlyForDeploymentPostprocessing = 0;
			shellPath = /bin/sh;
			shellScript = "ditto \"${SCRIPT_INPUT_FILE_0}\" \"${SCRIPT_OUTPUT_FILE_0}\"\n";
		};
/* End PBXShellScriptBuildPhase section */

/* Begin PBXSourcesBuildPhase section */
		0EC276B51FD04F8976A31E59 /* Sources */ = {
			isa = PBXSourcesBuildPhase;
			buildActionMask = 2147483647;
			files = (
				113E3C401B1319BE07F72FA1 /* ActualRepositoryTests.swift in Sources */,
			);
			runOnlyForDeploymentPostprocessing = 0;
		};
		12C3D2EA77235FBA8EEEFF5D /* Sources */ = {
			isa = PBXSourcesBuildPhase;
			buildActionMask = 2147483647;
			files = (
				7F05A64F0811B39595A3F73F /* MomentData.swift in Sources */,
			);
			runOnlyForDeploymentPostprocessing = 0;
		};
		155CFCA063DE25158A6E904B /* Sources */ = {
			isa = PBXSourcesBuildPhase;
			buildActionMask = 2147483647;
			files = (
				4FE05087D9FAFD4E586DD0E0 /* ActualRepositoryTests.swift in Sources */,
			);
			runOnlyForDeploymentPostprocessing = 0;
		};
		2E8884B5DBB7000D2E738189 /* Sources */ = {
			isa = PBXSourcesBuildPhase;
			buildActionMask = 2147483647;
			files = (
				28A2EE7E96CE2DDB7D45AA24 /* MomentData.swift in Sources */,
			);
			runOnlyForDeploymentPostprocessing = 0;
		};
		3A3C7821C2F63FB9333B5563 /* Sources */ = {
			isa = PBXSourcesBuildPhase;
			buildActionMask = 2147483647;
			files = (
				F56DCA0F57195FA3E1EA54F6 /* MomentDataTests.swift in Sources */,
			);
			runOnlyForDeploymentPostprocessing = 0;
		};
		3B3CBD7A76A9318631B06B7C /* Sources */ = {
			isa = PBXSourcesBuildPhase;
			buildActionMask = 2147483647;
			files = (
				D93B2B13541C0BB723CD536D /* EntityTests.swift in Sources */,
			);
			runOnlyForDeploymentPostprocessing = 0;
		};
		53E14429FD62C150746D1DAE /* Sources */ = {
			isa = PBXSourcesBuildPhase;
			buildActionMask = 2147483647;
			files = (
				F0A73506D00DDBFEC9367439 /* ActualRepository.swift in Sources */,
			);
			runOnlyForDeploymentPostprocessing = 0;
		};
		5E7A68CDAECC1F61AEC17AF3 /* Sources */ = {
			isa = PBXSourcesBuildPhase;
			buildActionMask = 2147483647;
			files = (
				DFA0E279837AB17F936DCF30 /* Utility.swift in Sources */,
			);
			runOnlyForDeploymentPostprocessing = 0;
		};
		60DD0FE26302AEB9BD6F142E /* Sources */ = {
			isa = PBXSourcesBuildPhase;
			buildActionMask = 2147483647;
			files = (
				34FF22F63A8E62024CE737F3 /* ActualRepository.swift in Sources */,
			);
			runOnlyForDeploymentPostprocessing = 0;
		};
		6506BC5D0351DFBCA83D8FD6 /* Sources */ = {
			isa = PBXSourcesBuildPhase;
			buildActionMask = 2147483647;
			files = (
				369BBBEE0EEAB36A0324459F /* Foo.swift in Sources */,
			);
			runOnlyForDeploymentPostprocessing = 0;
		};
		662EC1454D09009F5A169CF2 /* Sources */ = {
			isa = PBXSourcesBuildPhase;
			buildActionMask = 2147483647;
			files = (
				1281CA9CB376FD256396543C /* Dice.swift in Sources */,
				D553977C077451216E5F7B23 /* Entity.swift in Sources */,
			);
			runOnlyForDeploymentPostprocessing = 0;
		};
		6B707AF5B282713F94249E6C /* Sources */ = {
			isa = PBXSourcesBuildPhase;
			buildActionMask = 2147483647;
			files = (
				9166D4C0441F8203F655C448 /* EditorViewController.swift in Sources */,
				0E665BF7A82B581709CF8DDA /* ViewData.swift in Sources */,
				98F7735BD18E24CEDCA371E4 /* resource_bundle_accessor.swift in Sources */,
			);
			runOnlyForDeploymentPostprocessing = 0;
		};
		87DCBCCE10D12C1D1143CDBF /* Sources */ = {
			isa = PBXSourcesBuildPhase;
			buildActionMask = 2147483647;
			files = (
				EB0691B0A3BB96E9858DBFFA /* FooTests.swift in Sources */,
			);
			runOnlyForDeploymentPostprocessing = 0;
		};
		B96FBA18F5B239BB219E84C3 /* Sources */ = {
			isa = PBXSourcesBuildPhase;
			buildActionMask = 2147483647;
			files = (
				6E87931F07D1D12603D96307 /* Entity.swift in Sources */,
			);
			runOnlyForDeploymentPostprocessing = 0;
		};
		C845A045613E201556BC6FA0 /* Sources */ = {
			isa = PBXSourcesBuildPhase;
			buildActionMask = 2147483647;
			files = (
				7B2D0886378F40F08297809E /* ViewData.swift in Sources */,
			);
			runOnlyForDeploymentPostprocessing = 0;
		};
		D47D15E0163A5DB91FAB4ED8 /* Sources */ = {
			isa = PBXSourcesBuildPhase;
			buildActionMask = 2147483647;
			files = (
				A0006FA55DC3690070D2887F /* EntityTests.swift in Sources */,
			);
			runOnlyForDeploymentPostprocessing = 0;
		};
		DDCAF2A89B2F90700597FDEC /* Sources */ = {
			isa = PBXSourcesBuildPhase;
			buildActionMask = 2147483647;
			files = (
				BBD49E76CC87A521AB9B9C30 /* MomentDataTests.swift in Sources */,
			);
			runOnlyForDeploymentPostprocessing = 0;
		};
/* End PBXSourcesBuildPhase section */

/* Begin PBXTargetDependency section */
		02E7209E15BAEA974A3B3F19 /* PBXTargetDependency */ = {
			isa = PBXTargetDependency;
			target = 85A496B8E9F15E4FDDC5C7AD /* MomentEditorDomain */;
			targetProxy = 8143EBD8684EE69B5E230F02 /* PBXContainerItemProxy */;
		};
		0333F7628AFA5B76773E4634 /* PBXTargetDependency */ = {
			isa = PBXTargetDependency;
			target = 8ECCCEF42A3D9BAD4D23A798 /* MomentPlayerView */;
			targetProxy = 22CC2A0953081D085A1DCAB2 /* PBXContainerItemProxy */;
		};
		173F57E1070C00106C11EE21 /* PBXTargetDependency */ = {
			isa = PBXTargetDependency;
			target = 63CB3C4E9651FB9CA80AF732 /* MomentEditorRepository */;
			targetProxy = B4ACCEBAAB9D5CC093F9F613 /* PBXContainerItemProxy */;
		};
		2B0835C7ECD04EDF07D759D3 /* PBXTargetDependency */ = {
			isa = PBXTargetDependency;
			target = 1A3C1DB5EC23A8ACCE0FE8DD /* MomentCommon */;
			targetProxy = 66371F28350795C1750F1E95 /* PBXContainerItemProxy */;
		};
		2E896B6120367E08F3AB6397 /* PBXTargetDependency */ = {
			isa = PBXTargetDependency;
			target = EB953EE41E839E34A71C7108 /* MomentEditorView */;
			targetProxy = 09D0AF9F2EB32BB1454A7297 /* PBXContainerItemProxy */;
		};
		3593DB15D84560B957A0288B /* PBXTargetDependency */ = {
			isa = PBXTargetDependency;
			target = 64182A12A70BBE0C5D5D774B /* MomentSDK_MomentEditorView */;
			targetProxy = 109B81BFF0DFE4906141AF4D /* PBXContainerItemProxy */;
		};
		3DD6FE56F10AAE387E606BDD /* PBXTargetDependency */ = {
			isa = PBXTargetDependency;
			target = 26A459E122714162D8FA1259 /* MomentCommonUtil */;
			targetProxy = C863FC70EF9A7697F1E7F48D /* PBXContainerItemProxy */;
		};
		607A6E43D60F18FEA109798E /* PBXTargetDependency */ = {
			isa = PBXTargetDependency;
			target = 2E595DE4BE063DCC6B8F85AC /* MomentEditor */;
			targetProxy = F176C9EBBF0B072EA1802C00 /* PBXContainerItemProxy */;
		};
		63F0D98CBAFD9DB7761251B9 /* PBXTargetDependency */ = {
			isa = PBXTargetDependency;
			target = 26A459E122714162D8FA1259 /* MomentCommonUtil */;
			targetProxy = 79D44CFA0EAB9E2592031AC2 /* PBXContainerItemProxy */;
		};
		6939B4DB9CE6A4C689280003 /* PBXTargetDependency */ = {
			isa = PBXTargetDependency;
			target = DA0A88EE36E1936C0F963BE1 /* MomentPlayerDomain */;
			targetProxy = 3554C83716ED80990806154F /* PBXContainerItemProxy */;
		};
		71A42E944356925D5114069E /* PBXTargetDependency */ = {
			isa = PBXTargetDependency;
			target = 26A459E122714162D8FA1259 /* MomentCommonUtil */;
			targetProxy = 6BB971782BA5A720000B3761 /* PBXContainerItemProxy */;
		};
		80DEB52509B96E26D5BDADD3 /* PBXTargetDependency */ = {
			isa = PBXTargetDependency;
			target = 0481610BD95FE386C3F6CE21 /* MomentPlayer */;
			targetProxy = D4677EF306DCEE20FA75C22F /* PBXContainerItemProxy */;
		};
		8314DF246EA7BE2667DC2A19 /* PBXTargetDependency */ = {
			isa = PBXTargetDependency;
			target = CC227DD09E6E11369A9A5E71 /* MomentPlayerRepository */;
			targetProxy = 9FB64B0F73E2BCBD0750102C /* PBXContainerItemProxy */;
		};
		91E8E5ACBCBCE27BE2CF0650 /* PBXTargetDependency */ = {
			isa = PBXTargetDependency;
			target = CC227DD09E6E11369A9A5E71 /* MomentPlayerRepository */;
			targetProxy = 7FF39C7040955EEA3111C3F6 /* PBXContainerItemProxy */;
		};
		928DA2743892AD7E4CD9CA3B /* PBXTargetDependency */ = {
			isa = PBXTargetDependency;
			target = 26A459E122714162D8FA1259 /* MomentCommonUtil */;
			targetProxy = 39D6B25F31DC580CDEE810C6 /* PBXContainerItemProxy */;
		};
		95F03D42B0D1AF804B3EE20E /* PBXTargetDependency */ = {
			isa = PBXTargetDependency;
			target = DA0A88EE36E1936C0F963BE1 /* MomentPlayerDomain */;
			targetProxy = 9657C283C250B86F620B981C /* PBXContainerItemProxy */;
		};
		9AF53DFF5612F560848065A3 /* PBXTargetDependency */ = {
			isa = PBXTargetDependency;
			target = 85A496B8E9F15E4FDDC5C7AD /* MomentEditorDomain */;
			targetProxy = DF8A005ABEE6D67224532237 /* PBXContainerItemProxy */;
		};
		A4BCBACB6CA94607D24D2BED /* PBXTargetDependency */ = {
			isa = PBXTargetDependency;
			target = 85A496B8E9F15E4FDDC5C7AD /* MomentEditorDomain */;
			targetProxy = A48A82CD12626CF64C40F301 /* PBXContainerItemProxy */;
		};
		B4D2749ED1505A4579B9C2CF /* PBXTargetDependency */ = {
			isa = PBXTargetDependency;
			target = 63CB3C4E9651FB9CA80AF732 /* MomentEditorRepository */;
			targetProxy = E5FAA27DC5B20EC996A55431 /* PBXContainerItemProxy */;
		};
		DC425ED258E5E6AA3FCCC008 /* PBXTargetDependency */ = {
			isa = PBXTargetDependency;
			target = 85A496B8E9F15E4FDDC5C7AD /* MomentEditorDomain */;
			targetProxy = A53B0C12E5C2782BD2F37306 /* PBXContainerItemProxy */;
		};
		DF185B682268D3D635D9EFC3 /* PBXTargetDependency */ = {
			isa = PBXTargetDependency;
			target = DA0A88EE36E1936C0F963BE1 /* MomentPlayerDomain */;
			targetProxy = E3EBCD089536833F3311E75A /* PBXContainerItemProxy */;
		};
		E679F5DFD19B194E7E85C7C7 /* PBXTargetDependency */ = {
			isa = PBXTargetDependency;
			target = DA0A88EE36E1936C0F963BE1 /* MomentPlayerDomain */;
			targetProxy = 9AEEB00562984D198F6721EB /* PBXContainerItemProxy */;
		};
		FC8483B9448F5EFCADFEFE7F /* PBXTargetDependency */ = {
			isa = PBXTargetDependency;
			target = 64182A12A70BBE0C5D5D774B /* MomentSDK_MomentEditorView */;
			targetProxy = A4AC0CB3B1B8DB7BE0CD1269 /* PBXContainerItemProxy */;
		};
/* End PBXTargetDependency section */

/* Begin PBXVariantGroup section */
		D2F9D121F899DCDCE144BB75 /* Localizable.strings */ = {
			isa = PBXVariantGroup;
			children = (
				507D3DB772253D9F37B19E54 /* en */,
				E0602277D520F91C140C5522 /* ko */,
			);
			name = Localizable.strings;
			sourceTree = "<group>";
		};
/* End PBXVariantGroup section */

/* Begin XCBuildConfiguration section */
		14EC06F3DB3007B8CEB835FD /* Debug */ = {
			isa = XCBuildConfiguration;
			buildSettings = {
				BUNDLE_LOADER = "$(TEST_HOST)";
				INFOPLIST_FILE = "Supporting Files/Framework_Info.plist";
				LD_RUNPATH_SEARCH_PATHS = (
					"$(inherited)",
					"@executable_path/Frameworks",
					"@loader_path/Frameworks",
				);
				OTHER_LDFLAGS = (
					"$(inherited)",
					"-ObjC",
				);
				PRODUCT_BUNDLE_IDENTIFIER = com.navercorp.MomentPlayerRepositoryTests;
				SDKROOT = iphoneos;
				TARGETED_DEVICE_FAMILY = "1,2";
			};
			name = Debug;
		};
		16A353AFBE0DDE7CFD600777 /* Debug */ = {
			isa = XCBuildConfiguration;
			buildSettings = {
				CODE_SIGN_IDENTITY = "";
				CURRENT_PROJECT_VERSION = 1;
				DEFINES_MODULE = YES;
				DYLIB_COMPATIBILITY_VERSION = 1;
				DYLIB_CURRENT_VERSION = 1;
				DYLIB_INSTALL_NAME_BASE = "@rpath";
				INFOPLIST_FILE = "Supporting Files/Framework_Info.plist";
				INSTALL_PATH = "$(LOCAL_LIBRARY_DIR)/Frameworks";
				LD_RUNPATH_SEARCH_PATHS = (
					"$(inherited)",
					"@executable_path/Frameworks",
				);
				OTHER_LDFLAGS = (
					"$(inherited)",
					"-ObjC",
				);
				PRODUCT_BUNDLE_IDENTIFIER = com.navercorp.MomentCommon;
				SDKROOT = iphoneos;
				SKIP_INSTALL = YES;
				TARGETED_DEVICE_FAMILY = "1,2";
				VERSIONING_SYSTEM = "apple-generic";
			};
			name = Debug;
		};
		170E4AC26E4CC5D80E85CFE8 /* Release */ = {
			isa = XCBuildConfiguration;
			buildSettings = {
				LD_RUNPATH_SEARCH_PATHS = (
					"$(inherited)",
					"@executable_path/Frameworks",
				);
				PRODUCT_BUNDLE_IDENTIFIER = com.navercorp.MomentPlayerRepository;
				SDKROOT = iphoneos;
				SKIP_INSTALL = YES;
				TARGETED_DEVICE_FAMILY = "1,2";
			};
			name = Release;
		};
		1724132AB1AEC956CE36530B /* Debug */ = {
			isa = XCBuildConfiguration;
			buildSettings = {
				LD_RUNPATH_SEARCH_PATHS = (
					"$(inherited)",
					"@executable_path/Frameworks",
				);
				PRODUCT_BUNDLE_IDENTIFIER = com.navercorp.MomentPlayerDomain;
				SDKROOT = iphoneos;
				SKIP_INSTALL = YES;
				TARGETED_DEVICE_FAMILY = "1,2";
			};
			name = Debug;
		};
		18D9B743D440CE6167B8EE12 /* Release */ = {
			isa = XCBuildConfiguration;
			buildSettings = {
				BUNDLE_LOADER = "$(TEST_HOST)";
				FRAMEWORK_SEARCH_PATHS = (
					"$(inherited)",
					"$(PROJECT_DIR)/Carthage/Build/iOS",
				);
				INFOPLIST_FILE = "Supporting Files/Framework_Info.plist";
				LD_RUNPATH_SEARCH_PATHS = (
					"$(inherited)",
					"@executable_path/Frameworks",
					"@loader_path/Frameworks",
				);
				OTHER_LDFLAGS = (
					"$(inherited)",
					"-ObjC",
				);
				PRODUCT_BUNDLE_IDENTIFIER = com.navercorp.MomentEditorRepositoryTests;
				SDKROOT = iphoneos;
				TARGETED_DEVICE_FAMILY = "1,2";
			};
			name = Release;
		};
		26CF84D2A1988A09489B9210 /* Release */ = {
			isa = XCBuildConfiguration;
			buildSettings = {
				ALWAYS_SEARCH_USER_PATHS = NO;
				CLANG_ANALYZER_LOCALIZABILITY_NONLOCALIZED = YES;
				CLANG_ANALYZER_NONNULL = YES;
				CLANG_ANALYZER_NUMBER_OBJECT_CONVERSION = YES_AGGRESSIVE;
				CLANG_CXX_LANGUAGE_STANDARD = "gnu++14";
				CLANG_CXX_LIBRARY = "libc++";
				CLANG_ENABLE_MODULES = YES;
				CLANG_ENABLE_OBJC_ARC = YES;
				CLANG_WARN_BLOCK_CAPTURE_AUTORELEASING = YES;
				CLANG_WARN_BOOL_CONVERSION = YES;
				CLANG_WARN_COMMA = YES;
				CLANG_WARN_CONSTANT_CONVERSION = YES;
				CLANG_WARN_DEPRECATED_OBJC_IMPLEMENTATIONS = YES;
				CLANG_WARN_DIRECT_OBJC_ISA_USAGE = YES_ERROR;
				CLANG_WARN_DOCUMENTATION_COMMENTS = YES;
				CLANG_WARN_EMPTY_BODY = YES;
				CLANG_WARN_ENUM_CONVERSION = YES;
				CLANG_WARN_INFINITE_RECURSION = YES;
				CLANG_WARN_INT_CONVERSION = YES;
				CLANG_WARN_NON_LITERAL_NULL_CONVERSION = YES;
				CLANG_WARN_OBJC_IMPLICIT_RETAIN_SELF = YES;
				CLANG_WARN_OBJC_LITERAL_CONVERSION = YES;
				CLANG_WARN_OBJC_ROOT_CLASS = YES_ERROR;
				CLANG_WARN_RANGE_LOOP_ANALYSIS = YES;
				CLANG_WARN_STRICT_PROTOTYPES = YES;
				CLANG_WARN_SUSPICIOUS_MOVE = YES;
				CLANG_WARN_UNGUARDED_AVAILABILITY = YES_AGGRESSIVE;
				CLANG_WARN_UNREACHABLE_CODE = YES;
				CLANG_WARN__DUPLICATE_METHOD_MATCH = YES;
				COPY_PHASE_STRIP = NO;
				DEBUG_INFORMATION_FORMAT = "dwarf-with-dsym";
				ENABLE_NS_ASSERTIONS = NO;
				ENABLE_STRICT_OBJC_MSGSEND = YES;
				GCC_C_LANGUAGE_STANDARD = gnu11;
				GCC_NO_COMMON_BLOCKS = YES;
				GCC_WARN_64_TO_32_BIT_CONVERSION = YES;
				GCC_WARN_ABOUT_RETURN_TYPE = YES_ERROR;
				GCC_WARN_UNDECLARED_SELECTOR = YES;
				GCC_WARN_UNINITIALIZED_AUTOS = YES_AGGRESSIVE;
				GCC_WARN_UNUSED_FUNCTION = YES;
				GCC_WARN_UNUSED_VARIABLE = YES;
				IPHONEOS_DEPLOYMENT_TARGET = 11.0;
				PRODUCT_NAME = "$(TARGET_NAME)";
				SDKROOT = iphoneos;
				SWIFT_COMPILATION_MODE = wholemodule;
				SWIFT_VERSION = 5.0;
				VALIDATE_PRODUCT = YES;
			};
			name = Release;
		};
		2784FCF418F5ED209F0D83BB /* Debug */ = {
			isa = XCBuildConfiguration;
			buildSettings = {
				LD_RUNPATH_SEARCH_PATHS = (
					"$(inherited)",
					"@executable_path/Frameworks",
				);
				PRODUCT_BUNDLE_IDENTIFIER = com.navercorp.MomentPlayerRepository;
				SDKROOT = iphoneos;
				SKIP_INSTALL = YES;
				TARGETED_DEVICE_FAMILY = "1,2";
			};
			name = Debug;
		};
		2A4BE65101548E4D317AD158 /* Debug */ = {
			isa = XCBuildConfiguration;
			buildSettings = {
				FRAMEWORK_SEARCH_PATHS = (
					"$(inherited)",
					"$(PROJECT_DIR)/Carthage/Build/iOS",
				);
				LD_RUNPATH_SEARCH_PATHS = (
					"$(inherited)",
					"@executable_path/Frameworks",
				);
				PRODUCT_BUNDLE_IDENTIFIER = com.navercorp.MomentEditorView;
				SDKROOT = iphoneos;
				SKIP_INSTALL = YES;
				TARGETED_DEVICE_FAMILY = "1,2";
			};
			name = Debug;
		};
		2D5184F698438E2BF0095308 /* Debug */ = {
			isa = XCBuildConfiguration;
			buildSettings = {
				LD_RUNPATH_SEARCH_PATHS = (
					"$(inherited)",
					"@executable_path/Frameworks",
				);
				PRODUCT_BUNDLE_IDENTIFIER = com.navercorp.MomentPlayerView;
				SDKROOT = iphoneos;
				SKIP_INSTALL = YES;
				TARGETED_DEVICE_FAMILY = "1,2";
			};
			name = Debug;
		};
		2FB4A7877772B18BE0F8F3C2 /* Release */ = {
			isa = XCBuildConfiguration;
			buildSettings = {
				LD_RUNPATH_SEARCH_PATHS = (
					"$(inherited)",
					"@executable_path/Frameworks",
				);
				PRODUCT_BUNDLE_IDENTIFIER = com.navercorp.MomentEditorDomain;
				SDKROOT = iphoneos;
				SKIP_INSTALL = YES;
				TARGETED_DEVICE_FAMILY = "1,2";
			};
			name = Release;
		};
		318F0A03F53787D627AC0387 /* Debug */ = {
			isa = XCBuildConfiguration;
			buildSettings = {
				LD_RUNPATH_SEARCH_PATHS = (
					"$(inherited)",
					"@executable_path/Frameworks",
				);
				PRODUCT_BUNDLE_IDENTIFIER = com.navercorp.MomentCommonUtil;
				SDKROOT = iphoneos;
				SKIP_INSTALL = YES;
				TARGETED_DEVICE_FAMILY = "1,2";
			};
			name = Debug;
		};
		3272F806ECAEB3E80A4164FF /* Debug */ = {
			isa = XCBuildConfiguration;
			buildSettings = {
				BUNDLE_LOADER = "$(TEST_HOST)";
				INFOPLIST_FILE = "Supporting Files/Framework_Info.plist";
				LD_RUNPATH_SEARCH_PATHS = (
					"$(inherited)",
					"@executable_path/Frameworks",
					"@loader_path/Frameworks",
				);
				OTHER_LDFLAGS = (
					"$(inherited)",
					"-ObjC",
				);
				PRODUCT_BUNDLE_IDENTIFIER = com.navercorp.MomentEditorDomainTests;
				SDKROOT = iphoneos;
				TARGETED_DEVICE_FAMILY = "1,2";
			};
			name = Debug;
		};
		337549FB6197DF3B42D28039 /* Release */ = {
			isa = XCBuildConfiguration;
			buildSettings = {
				BUNDLE_LOADER = "$(TEST_HOST)";
				FRAMEWORK_SEARCH_PATHS = (
					"$(inherited)",
					"$(PROJECT_DIR)/Carthage/Build/iOS",
				);
				INFOPLIST_FILE = "Supporting Files/Framework_Info.plist";
				LD_RUNPATH_SEARCH_PATHS = (
					"$(inherited)",
					"@executable_path/Frameworks",
					"@loader_path/Frameworks",
				);
				PRODUCT_BUNDLE_IDENTIFIER = com.navercorp.MomentPlayerTests;
				SDKROOT = iphoneos;
				TARGETED_DEVICE_FAMILY = "1,2";
			};
			name = Release;
		};
		363644A30B5E9F448D9EB58B /* Debug */ = {
			isa = XCBuildConfiguration;
			buildSettings = {
				BUNDLE_LOADER = "$(TEST_HOST)";
				FRAMEWORK_SEARCH_PATHS = (
					"$(inherited)",
					"$(PROJECT_DIR)/Carthage/Build/iOS",
				);
				INFOPLIST_FILE = "Supporting Files/Framework_Info.plist";
				LD_RUNPATH_SEARCH_PATHS = (
					"$(inherited)",
					"@executable_path/Frameworks",
					"@loader_path/Frameworks",
				);
				PRODUCT_BUNDLE_IDENTIFIER = com.navercorp.MomentPlayerTests;
				SDKROOT = iphoneos;
				TARGETED_DEVICE_FAMILY = "1,2";
			};
			name = Debug;
		};
		4C25FB3A26385910E0C686F8 /* Debug */ = {
			isa = XCBuildConfiguration;
			buildSettings = {
				CODE_SIGN_IDENTITY = "";
				CURRENT_PROJECT_VERSION = 1;
				DEFINES_MODULE = YES;
				DYLIB_COMPATIBILITY_VERSION = 1;
				DYLIB_CURRENT_VERSION = 1;
				DYLIB_INSTALL_NAME_BASE = "@rpath";
				FRAMEWORK_SEARCH_PATHS = (
					"$(inherited)",
					"$(PROJECT_DIR)/Carthage/Build/iOS",
				);
				INFOPLIST_FILE = "Supporting Files/Framework_Info.plist";
				INSTALL_PATH = "$(LOCAL_LIBRARY_DIR)/Frameworks";
				LD_RUNPATH_SEARCH_PATHS = (
					"$(inherited)",
					"@executable_path/Frameworks",
				);
				OTHER_LDFLAGS = (
					"$(inherited)",
					"-ObjC",
				);
				PRODUCT_BUNDLE_IDENTIFIER = com.navercorp.MomentPlayer;
				SDKROOT = iphoneos;
				SKIP_INSTALL = YES;
				TARGETED_DEVICE_FAMILY = "1,2";
				VERSIONING_SYSTEM = "apple-generic";
			};
			name = Debug;
		};
		4C6FB8607AD6D40EB67F411D /* Release */ = {
			isa = XCBuildConfiguration;
			buildSettings = {
				LD_RUNPATH_SEARCH_PATHS = (
					"$(inherited)",
					"@executable_path/Frameworks",
				);
				PRODUCT_BUNDLE_IDENTIFIER = com.navercorp.MomentCommonUtil;
				SDKROOT = iphoneos;
				SKIP_INSTALL = YES;
				TARGETED_DEVICE_FAMILY = "1,2";
			};
			name = Release;
		};
		6AB656E373107216C8094382 /* Release */ = {
			isa = XCBuildConfiguration;
			buildSettings = {
				BUNDLE_LOADER = "$(TEST_HOST)";
				INFOPLIST_FILE = "Supporting Files/Framework_Info.plist";
				LD_RUNPATH_SEARCH_PATHS = (
					"$(inherited)",
					"@executable_path/Frameworks",
					"@loader_path/Frameworks",
				);
				OTHER_LDFLAGS = (
					"$(inherited)",
					"-ObjC",
				);
				PRODUCT_BUNDLE_IDENTIFIER = com.navercorp.MomentPlayerDomainTests;
				SDKROOT = iphoneos;
				TARGETED_DEVICE_FAMILY = "1,2";
			};
			name = Release;
		};
		737D9F0CEE8436DD8BFFBFA5 /* Release */ = {
			isa = XCBuildConfiguration;
			buildSettings = {
				CODE_SIGN_IDENTITY = "";
				CURRENT_PROJECT_VERSION = 1;
				DEFINES_MODULE = YES;
				DYLIB_COMPATIBILITY_VERSION = 1;
				DYLIB_CURRENT_VERSION = 1;
				DYLIB_INSTALL_NAME_BASE = "@rpath";
				FRAMEWORK_SEARCH_PATHS = (
					"$(inherited)",
					"$(PROJECT_DIR)/Carthage/Build/iOS",
				);
				INFOPLIST_FILE = "Supporting Files/Framework_Info.plist";
				INSTALL_PATH = "$(LOCAL_LIBRARY_DIR)/Frameworks";
				LD_RUNPATH_SEARCH_PATHS = (
					"$(inherited)",
					"@executable_path/Frameworks",
				);
				OTHER_LDFLAGS = (
					"$(inherited)",
					"-ObjC",
				);
				PRODUCT_BUNDLE_IDENTIFIER = com.navercorp.MomentPlayer;
				SDKROOT = iphoneos;
				SKIP_INSTALL = YES;
				TARGETED_DEVICE_FAMILY = "1,2";
				VERSIONING_SYSTEM = "apple-generic";
			};
			name = Release;
		};
		748E4635B1334093283187C6 /* Release */ = {
			isa = XCBuildConfiguration;
			buildSettings = {
				BUNDLE_LOADER = "$(TEST_HOST)";
				INFOPLIST_FILE = "Supporting Files/Framework_Info.plist";
				LD_RUNPATH_SEARCH_PATHS = (
					"$(inherited)",
					"@executable_path/Frameworks",
					"@loader_path/Frameworks",
				);
				OTHER_LDFLAGS = (
					"$(inherited)",
					"-ObjC",
				);
				PRODUCT_BUNDLE_IDENTIFIER = com.navercorp.MomentEditorDomainTests;
				SDKROOT = iphoneos;
				TARGETED_DEVICE_FAMILY = "1,2";
			};
			name = Release;
		};
		7DA665D31E01CC019BD50594 /* Debug */ = {
			isa = XCBuildConfiguration;
			buildSettings = {
				BUNDLE_LOADER = "$(TEST_HOST)";
				INFOPLIST_FILE = "Supporting Files/Framework_Info.plist";
				LD_RUNPATH_SEARCH_PATHS = (
					"$(inherited)",
					"@executable_path/Frameworks",
					"@loader_path/Frameworks",
				);
				OTHER_LDFLAGS = (
					"$(inherited)",
					"-ObjC",
				);
				PRODUCT_BUNDLE_IDENTIFIER = com.navercorp.MomentPlayerDomainTests;
				SDKROOT = iphoneos;
				TARGETED_DEVICE_FAMILY = "1,2";
			};
			name = Debug;
		};
		8C5560F20C7C9E86AD7423D0 /* Release */ = {
			isa = XCBuildConfiguration;
			buildSettings = {
				INFOPLIST_FILE = "Supporting Files/Bundle_Info.plist";
				LD_RUNPATH_SEARCH_PATHS = (
					"$(inherited)",
					"@executable_path/Frameworks",
				);
				PRODUCT_BUNDLE_IDENTIFIER = "com.navercorp.MomentSDK-MomentEditorView";
				SDKROOT = iphoneos;
				TARGETED_DEVICE_FAMILY = "1,2";
			};
			name = Release;
		};
		8CEABDC2C2AEF75B54B298ED /* Release */ = {
			isa = XCBuildConfiguration;
			buildSettings = {
				LD_RUNPATH_SEARCH_PATHS = (
					"$(inherited)",
					"@executable_path/Frameworks",
				);
				PRODUCT_BUNDLE_IDENTIFIER = com.navercorp.MomentPlayerView;
				SDKROOT = iphoneos;
				SKIP_INSTALL = YES;
				TARGETED_DEVICE_FAMILY = "1,2";
			};
			name = Release;
		};
		8FACE6A369569C7A9D479ED5 /* Debug */ = {
			isa = XCBuildConfiguration;
			buildSettings = {
				BUNDLE_LOADER = "$(TEST_HOST)";
				FRAMEWORK_SEARCH_PATHS = (
					"$(inherited)",
					"$(PROJECT_DIR)/Carthage/Build/iOS",
				);
				INFOPLIST_FILE = "Supporting Files/Framework_Info.plist";
				LD_RUNPATH_SEARCH_PATHS = (
					"$(inherited)",
					"@executable_path/Frameworks",
					"@loader_path/Frameworks",
				);
				PRODUCT_BUNDLE_IDENTIFIER = com.navercorp.MomentEditorTests;
				SDKROOT = iphoneos;
				TARGETED_DEVICE_FAMILY = "1,2";
			};
			name = Debug;
		};
		9E77E1773DA8058483B8B513 /* Release */ = {
			isa = XCBuildConfiguration;
			buildSettings = {
				FRAMEWORK_SEARCH_PATHS = (
					"$(inherited)",
					"$(PROJECT_DIR)/Carthage/Build/iOS",
				);
				LD_RUNPATH_SEARCH_PATHS = (
					"$(inherited)",
					"@executable_path/Frameworks",
				);
				PRODUCT_BUNDLE_IDENTIFIER = com.navercorp.MomentEditorRepository;
				SDKROOT = iphoneos;
				SKIP_INSTALL = YES;
				TARGETED_DEVICE_FAMILY = "1,2";
			};
			name = Release;
		};
		A377A367A28044FC155C8066 /* Debug */ = {
			isa = XCBuildConfiguration;
			buildSettings = {
				BUNDLE_LOADER = "$(TEST_HOST)";
				INFOPLIST_FILE = "Supporting Files/Framework_Info.plist";
				LD_RUNPATH_SEARCH_PATHS = (
					"$(inherited)",
					"@executable_path/Frameworks",
					"@loader_path/Frameworks",
				);
				PRODUCT_BUNDLE_IDENTIFIER = com.navercorp.MomentCommonTests;
				SDKROOT = iphoneos;
				TARGETED_DEVICE_FAMILY = "1,2";
			};
			name = Debug;
		};
		A84AF31421587EC67DC8F849 /* Release */ = {
			isa = XCBuildConfiguration;
			buildSettings = {
				LD_RUNPATH_SEARCH_PATHS = (
					"$(inherited)",
					"@executable_path/Frameworks",
				);
				PRODUCT_BUNDLE_IDENTIFIER = com.navercorp.MomentPlayerDomain;
				SDKROOT = iphoneos;
				SKIP_INSTALL = YES;
				TARGETED_DEVICE_FAMILY = "1,2";
			};
			name = Release;
		};
		A87EDDA86974D99BB2499CC3 /* Release */ = {
			isa = XCBuildConfiguration;
			buildSettings = {
				BUNDLE_LOADER = "$(TEST_HOST)";
				INFOPLIST_FILE = "Supporting Files/Framework_Info.plist";
				LD_RUNPATH_SEARCH_PATHS = (
					"$(inherited)",
					"@executable_path/Frameworks",
					"@loader_path/Frameworks",
				);
				OTHER_LDFLAGS = (
					"$(inherited)",
					"-ObjC",
				);
				PRODUCT_BUNDLE_IDENTIFIER = com.navercorp.MomentPlayerRepositoryTests;
				SDKROOT = iphoneos;
				TARGETED_DEVICE_FAMILY = "1,2";
			};
			name = Release;
		};
		AAD43B56C3AEB29D46551A46 /* Release */ = {
			isa = XCBuildConfiguration;
			buildSettings = {
				CODE_SIGN_IDENTITY = "";
				CURRENT_PROJECT_VERSION = 1;
				DEFINES_MODULE = YES;
				DYLIB_COMPATIBILITY_VERSION = 1;
				DYLIB_CURRENT_VERSION = 1;
				DYLIB_INSTALL_NAME_BASE = "@rpath";
				INFOPLIST_FILE = "Supporting Files/Framework_Info.plist";
				INSTALL_PATH = "$(LOCAL_LIBRARY_DIR)/Frameworks";
				LD_RUNPATH_SEARCH_PATHS = (
					"$(inherited)",
					"@executable_path/Frameworks",
				);
				OTHER_LDFLAGS = (
					"$(inherited)",
					"-ObjC",
				);
				PRODUCT_BUNDLE_IDENTIFIER = com.navercorp.MomentCommon;
				SDKROOT = iphoneos;
				SKIP_INSTALL = YES;
				TARGETED_DEVICE_FAMILY = "1,2";
				VERSIONING_SYSTEM = "apple-generic";
			};
			name = Release;
		};
		B319A08E809E48D5B9070E34 /* Debug */ = {
			isa = XCBuildConfiguration;
			buildSettings = {
				ALWAYS_SEARCH_USER_PATHS = NO;
				CLANG_ANALYZER_LOCALIZABILITY_NONLOCALIZED = YES;
				CLANG_ANALYZER_NONNULL = YES;
				CLANG_ANALYZER_NUMBER_OBJECT_CONVERSION = YES_AGGRESSIVE;
				CLANG_CXX_LANGUAGE_STANDARD = "gnu++14";
				CLANG_CXX_LIBRARY = "libc++";
				CLANG_ENABLE_MODULES = YES;
				CLANG_ENABLE_OBJC_ARC = YES;
				CLANG_WARN_BLOCK_CAPTURE_AUTORELEASING = YES;
				CLANG_WARN_BOOL_CONVERSION = YES;
				CLANG_WARN_COMMA = YES;
				CLANG_WARN_CONSTANT_CONVERSION = YES;
				CLANG_WARN_DEPRECATED_OBJC_IMPLEMENTATIONS = YES;
				CLANG_WARN_DIRECT_OBJC_ISA_USAGE = YES_ERROR;
				CLANG_WARN_DOCUMENTATION_COMMENTS = YES;
				CLANG_WARN_EMPTY_BODY = YES;
				CLANG_WARN_ENUM_CONVERSION = YES;
				CLANG_WARN_INFINITE_RECURSION = YES;
				CLANG_WARN_INT_CONVERSION = YES;
				CLANG_WARN_NON_LITERAL_NULL_CONVERSION = YES;
				CLANG_WARN_OBJC_IMPLICIT_RETAIN_SELF = YES;
				CLANG_WARN_OBJC_LITERAL_CONVERSION = YES;
				CLANG_WARN_OBJC_ROOT_CLASS = YES_ERROR;
				CLANG_WARN_RANGE_LOOP_ANALYSIS = YES;
				CLANG_WARN_STRICT_PROTOTYPES = YES;
				CLANG_WARN_SUSPICIOUS_MOVE = YES;
				CLANG_WARN_UNGUARDED_AVAILABILITY = YES_AGGRESSIVE;
				CLANG_WARN_UNREACHABLE_CODE = YES;
				CLANG_WARN__DUPLICATE_METHOD_MATCH = YES;
				COPY_PHASE_STRIP = NO;
				DEBUG_INFORMATION_FORMAT = dwarf;
				ENABLE_STRICT_OBJC_MSGSEND = YES;
				ENABLE_TESTABILITY = YES;
				GCC_C_LANGUAGE_STANDARD = gnu11;
				GCC_DYNAMIC_NO_PIC = NO;
				GCC_NO_COMMON_BLOCKS = YES;
				GCC_OPTIMIZATION_LEVEL = 0;
				GCC_PREPROCESSOR_DEFINITIONS = (
					"$(inherited)",
					"DEBUG=1",
				);
				GCC_WARN_64_TO_32_BIT_CONVERSION = YES;
				GCC_WARN_ABOUT_RETURN_TYPE = YES_ERROR;
				GCC_WARN_UNDECLARED_SELECTOR = YES;
				GCC_WARN_UNINITIALIZED_AUTOS = YES_AGGRESSIVE;
				GCC_WARN_UNUSED_FUNCTION = YES;
				GCC_WARN_UNUSED_VARIABLE = YES;
				IPHONEOS_DEPLOYMENT_TARGET = 11.0;
				MTL_ENABLE_DEBUG_INFO = YES;
				ONLY_ACTIVE_ARCH = YES;
				PRODUCT_NAME = "$(TARGET_NAME)";
				SDKROOT = iphoneos;
				SWIFT_ACTIVE_COMPILATION_CONDITIONS = DEBUG;
				SWIFT_OPTIMIZATION_LEVEL = "-Onone";
				SWIFT_VERSION = 5.0;
			};
			name = Debug;
		};
		B45D6AFC179E0F30F7106960 /* Debug */ = {
			isa = XCBuildConfiguration;
			buildSettings = {
				CODE_SIGN_IDENTITY = "";
				CURRENT_PROJECT_VERSION = 1;
				DEFINES_MODULE = YES;
				DYLIB_COMPATIBILITY_VERSION = 1;
				DYLIB_CURRENT_VERSION = 1;
				DYLIB_INSTALL_NAME_BASE = "@rpath";
				FRAMEWORK_SEARCH_PATHS = (
					"$(inherited)",
					"$(PROJECT_DIR)/Carthage/Build/iOS",
				);
				INFOPLIST_FILE = "Supporting Files/Framework_Info.plist";
				INSTALL_PATH = "$(LOCAL_LIBRARY_DIR)/Frameworks";
				LD_RUNPATH_SEARCH_PATHS = (
					"$(inherited)",
					"@executable_path/Frameworks",
				);
				OTHER_LDFLAGS = (
					"$(inherited)",
					"-ObjC",
				);
				PRODUCT_BUNDLE_IDENTIFIER = com.navercorp.MomentEditor;
				SDKROOT = iphoneos;
				SKIP_INSTALL = YES;
				TARGETED_DEVICE_FAMILY = "1,2";
				VERSIONING_SYSTEM = "apple-generic";
			};
			name = Debug;
		};
		BFE7F9777C8500045DA34F76 /* Debug */ = {
			isa = XCBuildConfiguration;
			buildSettings = {
				BUNDLE_LOADER = "$(TEST_HOST)";
				FRAMEWORK_SEARCH_PATHS = (
					"$(inherited)",
					"$(PROJECT_DIR)/Carthage/Build/iOS",
				);
				INFOPLIST_FILE = "Supporting Files/Framework_Info.plist";
				LD_RUNPATH_SEARCH_PATHS = (
					"$(inherited)",
					"@executable_path/Frameworks",
					"@loader_path/Frameworks",
				);
				OTHER_LDFLAGS = (
					"$(inherited)",
					"-ObjC",
				);
				PRODUCT_BUNDLE_IDENTIFIER = com.navercorp.MomentEditorRepositoryTests;
				SDKROOT = iphoneos;
				TARGETED_DEVICE_FAMILY = "1,2";
			};
			name = Debug;
		};
		C1AAD8ABF263133693D70786 /* Debug */ = {
			isa = XCBuildConfiguration;
			buildSettings = {
				INFOPLIST_FILE = "Supporting Files/Bundle_Info.plist";
				LD_RUNPATH_SEARCH_PATHS = (
					"$(inherited)",
					"@executable_path/Frameworks",
				);
				PRODUCT_BUNDLE_IDENTIFIER = "com.navercorp.MomentSDK-MomentEditorView";
				SDKROOT = iphoneos;
				TARGETED_DEVICE_FAMILY = "1,2";
			};
			name = Debug;
		};
		D68212A8140EE4757513FFE8 /* Release */ = {
			isa = XCBuildConfiguration;
			buildSettings = {
				BUNDLE_LOADER = "$(TEST_HOST)";
				FRAMEWORK_SEARCH_PATHS = (
					"$(inherited)",
					"$(PROJECT_DIR)/Carthage/Build/iOS",
				);
				INFOPLIST_FILE = "Supporting Files/Framework_Info.plist";
				LD_RUNPATH_SEARCH_PATHS = (
					"$(inherited)",
					"@executable_path/Frameworks",
					"@loader_path/Frameworks",
				);
				PRODUCT_BUNDLE_IDENTIFIER = com.navercorp.MomentEditorTests;
				SDKROOT = iphoneos;
				TARGETED_DEVICE_FAMILY = "1,2";
			};
			name = Release;
		};
		D9E20A558ADF6984891C323A /* Release */ = {
			isa = XCBuildConfiguration;
			buildSettings = {
				CODE_SIGN_IDENTITY = "";
				CURRENT_PROJECT_VERSION = 1;
				DEFINES_MODULE = YES;
				DYLIB_COMPATIBILITY_VERSION = 1;
				DYLIB_CURRENT_VERSION = 1;
				DYLIB_INSTALL_NAME_BASE = "@rpath";
				FRAMEWORK_SEARCH_PATHS = (
					"$(inherited)",
					"$(PROJECT_DIR)/Carthage/Build/iOS",
				);
				INFOPLIST_FILE = "Supporting Files/Framework_Info.plist";
				INSTALL_PATH = "$(LOCAL_LIBRARY_DIR)/Frameworks";
				LD_RUNPATH_SEARCH_PATHS = (
					"$(inherited)",
					"@executable_path/Frameworks",
				);
				OTHER_LDFLAGS = (
					"$(inherited)",
					"-ObjC",
				);
				PRODUCT_BUNDLE_IDENTIFIER = com.navercorp.MomentEditor;
				SDKROOT = iphoneos;
				SKIP_INSTALL = YES;
				TARGETED_DEVICE_FAMILY = "1,2";
				VERSIONING_SYSTEM = "apple-generic";
			};
			name = Release;
		};
		E23646535F366820334ACCA2 /* Release */ = {
			isa = XCBuildConfiguration;
			buildSettings = {
				FRAMEWORK_SEARCH_PATHS = (
					"$(inherited)",
					"$(PROJECT_DIR)/Carthage/Build/iOS",
				);
				LD_RUNPATH_SEARCH_PATHS = (
					"$(inherited)",
					"@executable_path/Frameworks",
				);
				PRODUCT_BUNDLE_IDENTIFIER = com.navercorp.MomentEditorView;
				SDKROOT = iphoneos;
				SKIP_INSTALL = YES;
				TARGETED_DEVICE_FAMILY = "1,2";
			};
			name = Release;
		};
		F2E3BBBCCBAB7159B36F77EE /* Debug */ = {
			isa = XCBuildConfiguration;
			buildSettings = {
				LD_RUNPATH_SEARCH_PATHS = (
					"$(inherited)",
					"@executable_path/Frameworks",
				);
				PRODUCT_BUNDLE_IDENTIFIER = com.navercorp.MomentEditorDomain;
				SDKROOT = iphoneos;
				SKIP_INSTALL = YES;
				TARGETED_DEVICE_FAMILY = "1,2";
			};
			name = Debug;
		};
		F4D6F28387FF9B93B0BE047B /* Release */ = {
			isa = XCBuildConfiguration;
			buildSettings = {
				BUNDLE_LOADER = "$(TEST_HOST)";
				INFOPLIST_FILE = "Supporting Files/Framework_Info.plist";
				LD_RUNPATH_SEARCH_PATHS = (
					"$(inherited)",
					"@executable_path/Frameworks",
					"@loader_path/Frameworks",
				);
				PRODUCT_BUNDLE_IDENTIFIER = com.navercorp.MomentCommonTests;
				SDKROOT = iphoneos;
				TARGETED_DEVICE_FAMILY = "1,2";
			};
			name = Release;
		};
		FC028C165A85CEF3AA9E813C /* Debug */ = {
			isa = XCBuildConfiguration;
			buildSettings = {
				FRAMEWORK_SEARCH_PATHS = (
					"$(inherited)",
					"$(PROJECT_DIR)/Carthage/Build/iOS",
				);
				LD_RUNPATH_SEARCH_PATHS = (
					"$(inherited)",
					"@executable_path/Frameworks",
				);
				PRODUCT_BUNDLE_IDENTIFIER = com.navercorp.MomentEditorRepository;
				SDKROOT = iphoneos;
				SKIP_INSTALL = YES;
				TARGETED_DEVICE_FAMILY = "1,2";
			};
			name = Debug;
		};
/* End XCBuildConfiguration section */

/* Begin XCConfigurationList section */
		0295CD4A2CB67E377202C6A0 /* Build configuration list for PBXProject "MomentSDK" */ = {
			isa = XCConfigurationList;
			buildConfigurations = (
				B319A08E809E48D5B9070E34 /* Debug */,
				26CF84D2A1988A09489B9210 /* Release */,
			);
			defaultConfigurationIsVisible = 0;
			defaultConfigurationName = Debug;
		};
		1A0F7BC3FB77616543828B4B /* Build configuration list for PBXNativeTarget "MomentPlayerRepository" */ = {
			isa = XCConfigurationList;
			buildConfigurations = (
				2784FCF418F5ED209F0D83BB /* Debug */,
				170E4AC26E4CC5D80E85CFE8 /* Release */,
			);
			defaultConfigurationIsVisible = 0;
			defaultConfigurationName = Debug;
		};
		256C597A4041DC1CCB307707 /* Build configuration list for PBXNativeTarget "MomentPlayer" */ = {
			isa = XCConfigurationList;
			buildConfigurations = (
				4C25FB3A26385910E0C686F8 /* Debug */,
				737D9F0CEE8436DD8BFFBFA5 /* Release */,
			);
			defaultConfigurationIsVisible = 0;
			defaultConfigurationName = Debug;
		};
		2D5FD4F18E2D2DD1B4F96E8C /* Build configuration list for PBXNativeTarget "MomentPlayerDomain" */ = {
			isa = XCConfigurationList;
			buildConfigurations = (
				1724132AB1AEC956CE36530B /* Debug */,
				A84AF31421587EC67DC8F849 /* Release */,
			);
			defaultConfigurationIsVisible = 0;
			defaultConfigurationName = Debug;
		};
		33C61B3051BFBF9E1F05B372 /* Build configuration list for PBXNativeTarget "MomentEditorTests" */ = {
			isa = XCConfigurationList;
			buildConfigurations = (
				8FACE6A369569C7A9D479ED5 /* Debug */,
				D68212A8140EE4757513FFE8 /* Release */,
			);
			defaultConfigurationIsVisible = 0;
			defaultConfigurationName = Debug;
		};
		345B6D9A23717D5977DC4A42 /* Build configuration list for PBXNativeTarget "MomentCommonTests" */ = {
			isa = XCConfigurationList;
			buildConfigurations = (
				A377A367A28044FC155C8066 /* Debug */,
				F4D6F28387FF9B93B0BE047B /* Release */,
			);
			defaultConfigurationIsVisible = 0;
			defaultConfigurationName = Debug;
		};
		440111B38242EEBAB2E8D30F /* Build configuration list for PBXNativeTarget "MomentEditorRepository" */ = {
			isa = XCConfigurationList;
			buildConfigurations = (
				FC028C165A85CEF3AA9E813C /* Debug */,
				9E77E1773DA8058483B8B513 /* Release */,
			);
			defaultConfigurationIsVisible = 0;
			defaultConfigurationName = Debug;
		};
		4559BFCBC42F954F46F2D1E2 /* Build configuration list for PBXNativeTarget "MomentPlayerDomainTests" */ = {
			isa = XCConfigurationList;
			buildConfigurations = (
				7DA665D31E01CC019BD50594 /* Debug */,
				6AB656E373107216C8094382 /* Release */,
			);
			defaultConfigurationIsVisible = 0;
			defaultConfigurationName = Debug;
		};
		61D6766586E6D25145188A41 /* Build configuration list for PBXNativeTarget "MomentCommonUtil" */ = {
			isa = XCConfigurationList;
			buildConfigurations = (
				318F0A03F53787D627AC0387 /* Debug */,
				4C6FB8607AD6D40EB67F411D /* Release */,
			);
			defaultConfigurationIsVisible = 0;
			defaultConfigurationName = Debug;
		};
		6FFEC450196FD6F67E37B58A /* Build configuration list for PBXNativeTarget "MomentEditor" */ = {
			isa = XCConfigurationList;
			buildConfigurations = (
				B45D6AFC179E0F30F7106960 /* Debug */,
				D9E20A558ADF6984891C323A /* Release */,
			);
			defaultConfigurationIsVisible = 0;
			defaultConfigurationName = Debug;
		};
		82835096722AE98D71A06261 /* Build configuration list for PBXNativeTarget "MomentEditorView" */ = {
			isa = XCConfigurationList;
			buildConfigurations = (
				2A4BE65101548E4D317AD158 /* Debug */,
				E23646535F366820334ACCA2 /* Release */,
			);
			defaultConfigurationIsVisible = 0;
			defaultConfigurationName = Debug;
		};
		996D5DEB31F075A03B006F26 /* Build configuration list for PBXNativeTarget "MomentSDK_MomentEditorView" */ = {
			isa = XCConfigurationList;
			buildConfigurations = (
				C1AAD8ABF263133693D70786 /* Debug */,
				8C5560F20C7C9E86AD7423D0 /* Release */,
			);
			defaultConfigurationIsVisible = 0;
			defaultConfigurationName = Debug;
		};
		AA3CD2DBD9E77B0242B64645 /* Build configuration list for PBXNativeTarget "MomentPlayerView" */ = {
			isa = XCConfigurationList;
			buildConfigurations = (
				2D5184F698438E2BF0095308 /* Debug */,
				8CEABDC2C2AEF75B54B298ED /* Release */,
			);
			defaultConfigurationIsVisible = 0;
			defaultConfigurationName = Debug;
		};
		B6FA12386ECFCE1F90A71158 /* Build configuration list for PBXNativeTarget "MomentPlayerTests" */ = {
			isa = XCConfigurationList;
			buildConfigurations = (
				363644A30B5E9F448D9EB58B /* Debug */,
				337549FB6197DF3B42D28039 /* Release */,
			);
			defaultConfigurationIsVisible = 0;
			defaultConfigurationName = Debug;
		};
		B7F559EDB42D63DC1497BA8E /* Build configuration list for PBXNativeTarget "MomentEditorDomainTests" */ = {
			isa = XCConfigurationList;
			buildConfigurations = (
				3272F806ECAEB3E80A4164FF /* Debug */,
				748E4635B1334093283187C6 /* Release */,
			);
			defaultConfigurationIsVisible = 0;
			defaultConfigurationName = Debug;
		};
		B8605A7429A40D81D8D9EDAD /* Build configuration list for PBXNativeTarget "MomentEditorDomain" */ = {
			isa = XCConfigurationList;
			buildConfigurations = (
				F2E3BBBCCBAB7159B36F77EE /* Debug */,
				2FB4A7877772B18BE0F8F3C2 /* Release */,
			);
			defaultConfigurationIsVisible = 0;
			defaultConfigurationName = Debug;
		};
		B878C535C25480D678A77863 /* Build configuration list for PBXNativeTarget "MomentPlayerRepositoryTests" */ = {
			isa = XCConfigurationList;
			buildConfigurations = (
				14EC06F3DB3007B8CEB835FD /* Debug */,
				A87EDDA86974D99BB2499CC3 /* Release */,
			);
			defaultConfigurationIsVisible = 0;
			defaultConfigurationName = Debug;
		};
		D7731E6726CEFDF0ABD62DB7 /* Build configuration list for PBXNativeTarget "MomentEditorRepositoryTests" */ = {
			isa = XCConfigurationList;
			buildConfigurations = (
				BFE7F9777C8500045DA34F76 /* Debug */,
				18D9B743D440CE6167B8EE12 /* Release */,
			);
			defaultConfigurationIsVisible = 0;
			defaultConfigurationName = Debug;
		};
		D99B85AA6AC8295EAB51436D /* Build configuration list for PBXNativeTarget "MomentCommon" */ = {
			isa = XCConfigurationList;
			buildConfigurations = (
				16A353AFBE0DDE7CFD600777 /* Debug */,
				AAD43B56C3AEB29D46551A46 /* Release */,
			);
			defaultConfigurationIsVisible = 0;
			defaultConfigurationName = Debug;
		};
/* End XCConfigurationList section */
	};
	rootObject = B8CB9146C73E33A0219E47EF /* Project object */;
}
