<?xml version="1.0" encoding="UTF-8"?>
<Scheme
   LastUpgradeVersion = "9999"
   version = "1.3">
   <BuildAction
      parallelizeBuildables = "YES"
      buildImplicitDependencies = "YES">
      <BuildActionEntries>
         <BuildActionEntry
            buildForTesting = "YES"
            buildForRunning = "YES"
            buildForProfiling = "YES"
            buildForArchiving = "YES"
            buildForAnalyzing = "YES">
            <BuildableReference
               BuildableIdentifier = "primary"
               BlueprintIdentifier = "MomentSDK::MomentPlayer"
               BuildableName = "MomentPlayer.framework"
               BlueprintName = "MomentPlayer"
               ReferencedContainer = "container:MomentSDK.xcodeproj">
            </BuildableReference>
         </BuildActionEntry>
         <BuildActionEntry
            buildForTesting = "YES"
            buildForRunning = "YES"
            buildForProfiling = "YES"
            buildForArchiving = "YES"
            buildForAnalyzing = "YES">
            <BuildableReference
               BuildableIdentifier = "primary"
               BlueprintIdentifier = "MomentSDK::MomentCommonUtil"
               BuildableName = "MomentCommonUtil.framework"
               BlueprintName = "MomentCommonUtil"
               ReferencedContainer = "container:MomentSDK.xcodeproj">
            </BuildableReference>
         </BuildActionEntry>
         <BuildActionEntry
            buildForTesting = "YES"
            buildForRunning = "YES"
            buildForProfiling = "YES"
            buildForArchiving = "YES"
            buildForAnalyzing = "YES">
            <BuildableReference
               BuildableIdentifier = "primary"
               BlueprintIdentifier = "MomentSDK::MomentPlayerView"
               BuildableName = "MomentPlayerView.framework"
               BlueprintName = "MomentPlayerView"
               ReferencedContainer = "container:MomentSDK.xcodeproj">
            </BuildableReference>
         </BuildActionEntry>
         <BuildActionEntry
            buildForTesting = "YES"
            buildForRunning = "YES"
            buildForProfiling = "YES"
            buildForArchiving = "YES"
            buildForAnalyzing = "YES">
            <BuildableReference
               BuildableIdentifier = "primary"
               BlueprintIdentifier = "MomentSDK::MomentEditor"
               BuildableName = "MomentEditor.framework"
               BlueprintName = "MomentEditor"
               ReferencedContainer = "container:MomentSDK.xcodeproj">
            </BuildableReference>
         </BuildActionEntry>
         <BuildActionEntry
            buildForTesting = "YES"
            buildForRunning = "YES"
            buildForProfiling = "YES"
            buildForArchiving = "YES"
            buildForAnalyzing = "YES">
            <BuildableReference
               BuildableIdentifier = "primary"
               BlueprintIdentifier = "MomentSDK::MomentPlayerDomain"
               BuildableName = "MomentPlayerDomain.framework"
               BlueprintName = "MomentPlayerDomain"
               ReferencedContainer = "container:MomentSDK.xcodeproj">
            </BuildableReference>
         </BuildActionEntry>
         <BuildActionEntry
            buildForTesting = "YES"
            buildForRunning = "YES"
            buildForProfiling = "YES"
            buildForArchiving = "YES"
            buildForAnalyzing = "YES">
            <BuildableReference
               BuildableIdentifier = "primary"
               BlueprintIdentifier = "MomentSDK::MomentCommon"
               BuildableName = "MomentCommon.framework"
               BlueprintName = "MomentCommon"
               ReferencedContainer = "container:MomentSDK.xcodeproj">
            </BuildableReference>
         </BuildActionEntry>
         <BuildActionEntry
            buildForTesting = "YES"
            buildForRunning = "YES"
            buildForProfiling = "YES"
            buildForArchiving = "YES"
            buildForAnalyzing = "YES">
            <BuildableReference
               BuildableIdentifier = "primary"
               BlueprintIdentifier = "MomentSDK::MomentPlayerRepository"
               BuildableName = "MomentPlayerRepository.framework"
               BlueprintName = "MomentPlayerRepository"
               ReferencedContainer = "container:MomentSDK.xcodeproj">
            </BuildableReference>
         </BuildActionEntry>
         <BuildActionEntry
            buildForTesting = "YES"
            buildForRunning = "YES"
            buildForProfiling = "YES"
            buildForArchiving = "YES"
            buildForAnalyzing = "YES">
            <BuildableReference
               BuildableIdentifier = "primary"
               BlueprintIdentifier = "MomentSDK::MomentEditorView"
               BuildableName = "MomentEditorView.framework"
               BlueprintName = "MomentEditorView"
               ReferencedContainer = "container:MomentSDK.xcodeproj">
            </BuildableReference>
         </BuildActionEntry>
         <BuildActionEntry
            buildForTesting = "YES"
            buildForRunning = "YES"
            buildForProfiling = "YES"
            buildForArchiving = "YES"
            buildForAnalyzing = "YES">
            <BuildableReference
               BuildableIdentifier = "primary"
               BlueprintIdentifier = "MomentSDK::MomentEditorRepository"
               BuildableName = "MomentEditorRepository.framework"
               BlueprintName = "MomentEditorRepository"
               ReferencedContainer = "container:MomentSDK.xcodeproj">
            </BuildableReference>
         </BuildActionEntry>
         <BuildActionEntry
            buildForTesting = "YES"
            buildForRunning = "YES"
            buildForProfiling = "YES"
            buildForArchiving = "YES"
            buildForAnalyzing = "YES">
            <BuildableReference
               BuildableIdentifier = "primary"
               BlueprintIdentifier = "MomentSDK::MomentEditorDomain"
               BuildableName = "MomentEditorDomain.framework"
               BlueprintName = "MomentEditorDomain"
               ReferencedContainer = "container:MomentSDK.xcodeproj">
            </BuildableReference>
         </BuildActionEntry>
      </BuildActionEntries>
   </BuildAction>
   <TestAction
      buildConfiguration = "Debug"
      selectedDebuggerIdentifier = "Xcode.DebuggerFoundation.Debugger.LLDB"
      selectedLauncherIdentifier = "Xcode.DebuggerFoundation.Launcher.LLDB"
      shouldUseLaunchSchemeArgsEnv = "YES">
      <Testables>
         <TestableReference
            skipped = "NO">
            <BuildableReference
               BuildableIdentifier = "primary"
               BlueprintIdentifier = "MomentSDK::MomentEditorTests"
               BuildableName = "MomentEditorTests.xctest"
               BlueprintName = "MomentEditorTests"
               ReferencedContainer = "container:MomentSDK.xcodeproj">
            </BuildableReference>
         </TestableReference>
         <TestableReference
            skipped = "NO">
            <BuildableReference
               BuildableIdentifier = "primary"
               BlueprintIdentifier = "MomentSDK::MomentPlayerTests"
               BuildableName = "MomentPlayerTests.xctest"
               BlueprintName = "MomentPlayerTests"
               ReferencedContainer = "container:MomentSDK.xcodeproj">
            </BuildableReference>
         </TestableReference>
         <TestableReference
            skipped = "NO">
            <BuildableReference
               BuildableIdentifier = "primary"
               BlueprintIdentifier = "MomentSDK::MomentEditorDomainTests"
               BuildableName = "MomentEditorDomainTests.xctest"
               BlueprintName = "MomentEditorDomainTests"
               ReferencedContainer = "container:MomentSDK.xcodeproj">
            </BuildableReference>
         </TestableReference>
         <TestableReference
            skipped = "NO">
            <BuildableReference
               BuildableIdentifier = "primary"
               BlueprintIdentifier = "MomentSDK::MomentEditorRepositoryTests"
               BuildableName = "MomentEditorRepositoryTests.xctest"
               BlueprintName = "MomentEditorRepositoryTests"
               ReferencedContainer = "container:MomentSDK.xcodeproj">
            </BuildableReference>
         </TestableReference>
         <TestableReference
            skipped = "NO">
            <BuildableReference
               BuildableIdentifier = "primary"
               BlueprintIdentifier = "MomentSDK::MomentPlayerDomainTests"
               BuildableName = "MomentPlayerDomainTests.xctest"
               BlueprintName = "MomentPlayerDomainTests"
               ReferencedContainer = "container:MomentSDK.xcodeproj">
            </BuildableReference>
         </TestableReference>
         <TestableReference
            skipped = "NO">
            <BuildableReference
               BuildableIdentifier = "primary"
               BlueprintIdentifier = "MomentSDK::MomentPlayerRepositoryTests"
               BuildableName = "MomentPlayerRepositoryTests.xctest"
               BlueprintName = "MomentPlayerRepositoryTests"
               ReferencedContainer = "container:MomentSDK.xcodeproj">
            </BuildableReference>
         </TestableReference>
      </Testables>
   </TestAction>
   <LaunchAction
      buildConfiguration = "Debug"
      selectedDebuggerIdentifier = "Xcode.DebuggerFoundation.Debugger.LLDB"
      selectedLauncherIdentifier = "Xcode.DebuggerFoundation.Launcher.LLDB"
      launchStyle = "0"
      useCustomWorkingDirectory = "NO"
      ignoresPersistentStateOnLaunch = "NO"
      debugDocumentVersioning = "YES"
      debugServiceExtension = "internal"
      allowLocationSimulation = "YES">
   </LaunchAction>
   <ProfileAction
      buildConfiguration = "Release"
      shouldUseLaunchSchemeArgsEnv = "YES"
      savedToolIdentifier = ""
      useCustomWorkingDirectory = "NO"
      debugDocumentVersioning = "YES">
   </ProfileAction>
   <AnalyzeAction
      buildConfiguration = "Debug">
   </AnalyzeAction>
   <ArchiveAction
      buildConfiguration = "Release"
      revealArchiveInOrganizer = "YES">
   </ArchiveAction>
</Scheme>
